// !$*UTF8*$!
{
	archiveVersion = 1;
	classes = {
	};
	objectVersion = 46;
	objects = {

/* Begin PBXBuildFile section */
		0D0A83C51B578DFA0008F7AA /* YXTest.m in Sources */ = {isa = PBXBuildFile; fileRef = 0D0A83C41B578DFA0008F7AA /* YXTest.m */; };
		0D36C2871B563CCF0073FC64 /* Constant.m in Sources */ = {isa = PBXBuildFile; fileRef = 0D36C2861B563CCF0073FC64 /* Constant.m */; };
		0D43895D1B514288005DFCF7 /* main.m in Sources */ = {isa = PBXBuildFile; fileRef = 0D43895C1B514288005DFCF7 /* main.m */; };
		0D4389601B514288005DFCF7 /* AppDelegate.m in Sources */ = {isa = PBXBuildFile; fileRef = 0D43895F1B514288005DFCF7 /* AppDelegate.m */; };
		0D4389681B514288005DFCF7 /* Images.xcassets in Resources */ = {isa = PBXBuildFile; fileRef = 0D4389671B514288005DFCF7 /* Images.xcassets */; };
		0D4389771B514288005DFCF7 /* YXTests.m in Sources */ = {isa = PBXBuildFile; fileRef = 0D4389761B514288005DFCF7 /* YXTests.m */; };
		0D45487D1B704C7C002E1C41 /* Section20_iOS7_1ViewController.m in Sources */ = {isa = PBXBuildFile; fileRef = 0D45487C1B704C7C002E1C41 /* Section20_iOS7_1ViewController.m */; };
		0D4548811B704DEB002E1C41 /* Section20_Test_collectionViewController.m in Sources */ = {isa = PBXBuildFile; fileRef = 0D4548801B704DEB002E1C41 /* Section20_Test_collectionViewController.m */; };
		0D4548841B70603C002E1C41 /* Section20_iOS7_2ViewController.m in Sources */ = {isa = PBXBuildFile; fileRef = 0D4548831B70603C002E1C41 /* Section20_iOS7_2ViewController.m */; };
		0D45488B1B706553002E1C41 /* YXVCTransitioningDelegate.m in Sources */ = {isa = PBXBuildFile; fileRef = 0D45488A1B706553002E1C41 /* YXVCTransitioningDelegate.m */; };
		0D45488E1B708C75002E1C41 /* YXPresentVCAnimation.m in Sources */ = {isa = PBXBuildFile; fileRef = 0D45488D1B708C75002E1C41 /* YXPresentVCAnimation.m */; };
		0D4548911B708CD3002E1C41 /* YXDismissVCAnimation.m in Sources */ = {isa = PBXBuildFile; fileRef = 0D4548901B708CD3002E1C41 /* YXDismissVCAnimation.m */; };
		0D5E4E4B1B52404100CB3A8C /* IndexViewController.m in Sources */ = {isa = PBXBuildFile; fileRef = 0D5E4E491B52404100CB3A8C /* IndexViewController.m */; };
		0D5E4E601B52599A00CB3A8C /* j1@2x.jpeg in Resources */ = {isa = PBXBuildFile; fileRef = 0D5E4E5C1B52599A00CB3A8C /* j1@2x.jpeg */; };
		0D5E4E611B52599A00CB3A8C /* j2@2x.jpeg in Resources */ = {isa = PBXBuildFile; fileRef = 0D5E4E5D1B52599A00CB3A8C /* j2@2x.jpeg */; };
		0D5E4E621B52599A00CB3A8C /* j3@2x.jpeg in Resources */ = {isa = PBXBuildFile; fileRef = 0D5E4E5E1B52599A00CB3A8C /* j3@2x.jpeg */; };
		0D5E4E631B52599A00CB3A8C /* j4@2x.jpeg in Resources */ = {isa = PBXBuildFile; fileRef = 0D5E4E5F1B52599A00CB3A8C /* j4@2x.jpeg */; };
		0D6F0ABC1B5CD15C004C9410 /* Section9_3ViewController.m in Sources */ = {isa = PBXBuildFile; fileRef = 0D6F0ABB1B5CD15C004C9410 /* Section9_3ViewController.m */; };
		0D6F0ABF1B5CD9EA004C9410 /* CALayer+YXAmimation.m in Sources */ = {isa = PBXBuildFile; fileRef = 0D6F0ABE1B5CD9EA004C9410 /* CALayer+YXAmimation.m */; };
		0D6F0AC21B5CE060004C9410 /* Section9_4ViewController.m in Sources */ = {isa = PBXBuildFile; fileRef = 0D6F0AC11B5CE060004C9410 /* Section9_4ViewController.m */; };
		0D6F0AC51B5CEF03004C9410 /* Section9_5ViewController.m in Sources */ = {isa = PBXBuildFile; fileRef = 0D6F0AC41B5CEF03004C9410 /* Section9_5ViewController.m */; };
		0D6F0AC81B5D02FF004C9410 /* Section9_6ViewController.m in Sources */ = {isa = PBXBuildFile; fileRef = 0D6F0AC71B5D02FF004C9410 /* Section9_6ViewController.m */; };
		0D6F0ACC1B5D043D004C9410 /* CircleCALayer.m in Sources */ = {isa = PBXBuildFile; fileRef = 0D6F0ACB1B5D043D004C9410 /* CircleCALayer.m */; };
		0D7453821B67DAC0006E1CF6 /* SectionListiOS7NO5ViewController.m in Sources */ = {isa = PBXBuildFile; fileRef = 0D7453811B67DAC0006E1CF6 /* SectionListiOS7NO5ViewController.m */; };
		0D7453851B67E350006E1CF6 /* YXCollectionViewController.m in Sources */ = {isa = PBXBuildFile; fileRef = 0D7453841B67E350006E1CF6 /* YXCollectionViewController.m */; };
		0D7453881B67E472006E1CF6 /* Section5_iOS7_1ViewController.m in Sources */ = {isa = PBXBuildFile; fileRef = 0D7453871B67E472006E1CF6 /* Section5_iOS7_1ViewController.m */; };
		0D74538C1B67E55B006E1CF6 /* YXMasonryViewLayout.m in Sources */ = {isa = PBXBuildFile; fileRef = 0D74538B1B67E55B006E1CF6 /* YXMasonryViewLayout.m */; };
		0D7A8C5F1B68666500FFA493 /* YXCoverFlowLayout.m in Sources */ = {isa = PBXBuildFile; fileRef = 0D7A8C5E1B68666500FFA493 /* YXCoverFlowLayout.m */; };
		0D7A8C611B68675A00FFA493 /* Photos in Resources */ = {isa = PBXBuildFile; fileRef = 0D7A8C601B68675A00FFA493 /* Photos */; };
		0D7A8C641B68679200FFA493 /* Section5_iOS7_2ViewController.m in Sources */ = {isa = PBXBuildFile; fileRef = 0D7A8C631B68679200FFA493 /* Section5_iOS7_2ViewController.m */; };
		0D7A8C681B6868C200FFA493 /* YXPhotoCollectionViewCell.m in Sources */ = {isa = PBXBuildFile; fileRef = 0D7A8C671B6868C200FFA493 /* YXPhotoCollectionViewCell.m */; };
		0D7A8C6B1B686C4500FFA493 /* NSLayoutConstraint+YXCommon.m in Sources */ = {isa = PBXBuildFile; fileRef = 0D7A8C6A1B686C4500FFA493 /* NSLayoutConstraint+YXCommon.m */; };
		0D7B97A71B6EF53A006820CB /* Section19_iOS7_2ViewController.m in Sources */ = {isa = PBXBuildFile; fileRef = 0D7B97A61B6EF53A006820CB /* Section19_iOS7_2ViewController.m */; };
		0D7B97AA1B6F04C8006820CB /* Section19_iOS7_3ViewController.m in Sources */ = {isa = PBXBuildFile; fileRef = 0D7B97A91B6F04C8006820CB /* Section19_iOS7_3ViewController.m */; };
		0D7B97AD1B6F177A006820CB /* Section19_iOS7_4ViewController.m in Sources */ = {isa = PBXBuildFile; fileRef = 0D7B97AC1B6F177A006820CB /* Section19_iOS7_4ViewController.m */; };
		0D7B97B11B6F19BC006820CB /* YXDragView.m in Sources */ = {isa = PBXBuildFile; fileRef = 0D7B97B01B6F19BC006820CB /* YXDragView.m */; };
		0D7B97B51B6F3A61006820CB /* YXDefaultDynamicBehavior.m in Sources */ = {isa = PBXBuildFile; fileRef = 0D7B97B41B6F3A61006820CB /* YXDefaultDynamicBehavior.m */; };
		0D7B97B81B6F52D5006820CB /* YXTearCopyBehavior.m in Sources */ = {isa = PBXBuildFile; fileRef = 0D7B97B71B6F52D5006820CB /* YXTearCopyBehavior.m */; };
		0D7B97C41B6F6B67006820CB /* YXCollectionViewDragLayout.m in Sources */ = {isa = PBXBuildFile; fileRef = 0D7B97C31B6F6B67006820CB /* YXCollectionViewDragLayout.m */; };
		0D7B97DA1B6F8190006820CB /* Section19_iOS7_5ViewController.m in Sources */ = {isa = PBXBuildFile; fileRef = 0D7B97D81B6F8190006820CB /* Section19_iOS7_5ViewController.m */; };
		0D7B97DB1B6F8190006820CB /* Section19_iOS7_5ViewController.xib in Resources */ = {isa = PBXBuildFile; fileRef = 0D7B97D91B6F8190006820CB /* Section19_iOS7_5ViewController.xib */; };
		0D7BC2EA1B61D6A700A9FDC0 /* XMLData.xml in Resources */ = {isa = PBXBuildFile; fileRef = 0D7BC2E91B61D6A700A9FDC0 /* XMLData.xml */; };
		0D7BC2F41B621E5B00A9FDC0 /* JSONModel.m in Sources */ = {isa = PBXBuildFile; fileRef = 0D7BC2ED1B621E5B00A9FDC0 /* JSONModel.m */; };
		0D7BC2F51B621E5B00A9FDC0 /* MenuItem.m in Sources */ = {isa = PBXBuildFile; fileRef = 0D7BC2EF1B621E5B00A9FDC0 /* MenuItem.m */; };
		0D7BC2F71B621E5B00A9FDC0 /* Review.m in Sources */ = {isa = PBXBuildFile; fileRef = 0D7BC2F31B621E5B00A9FDC0 /* Review.m */; };
		0D7BD6421B70D6BF00524F3B /* YXPercentDrivenAnimation.m in Sources */ = {isa = PBXBuildFile; fileRef = 0D7BD6411B70D6BF00524F3B /* YXPercentDrivenAnimation.m */; };
		0D85DAEB1B6FCBA9001DD18E /* SectionListiOS7NO20ViewController.m in Sources */ = {isa = PBXBuildFile; fileRef = 0D85DAEA1B6FCBA9001DD18E /* SectionListiOS7NO20ViewController.m */; };
		0D8701B41B6903D300850F27 /* SectionListiOS7NO14ViewController.m in Sources */ = {isa = PBXBuildFile; fileRef = 0D8701B31B6903D300850F27 /* SectionListiOS7NO14ViewController.m */; };
		0D94481B1B5E1CD6007FF694 /* SectionListNO13ViewController.m in Sources */ = {isa = PBXBuildFile; fileRef = 0D94481A1B5E1CD6007FF694 /* SectionListNO13ViewController.m */; };
		0D94481E1B5E1D55007FF694 /* Section13_1ViewController.m in Sources */ = {isa = PBXBuildFile; fileRef = 0D94481D1B5E1D55007FF694 /* Section13_1ViewController.m */; };
		0D96DDE31B64B18F0072D937 /* UIDevice+MKAdditions.m in Sources */ = {isa = PBXBuildFile; fileRef = 0D96DDE21B64B18F0072D937 /* UIDevice+MKAdditions.m */; };
		0D9A8E201B5B5F1500589B8C /* SectionListNO8ViewController.m in Sources */ = {isa = PBXBuildFile; fileRef = 0D9A8E1F1B5B5F1500589B8C /* SectionListNO8ViewController.m */; };
		0D9A8E241B5B86FC00589B8C /* Section8_1ViewController.m in Sources */ = {isa = PBXBuildFile; fileRef = 0D9A8E231B5B86FC00589B8C /* Section8_1ViewController.m */; };
		0D9A8E271B5B8EA000589B8C /* Section8_2ViewController.m in Sources */ = {isa = PBXBuildFile; fileRef = 0D9A8E261B5B8EA000589B8C /* Section8_2ViewController.m */; };
		0D9A8E2A1B5BB06B00589B8C /* Section8_3ViewController.m in Sources */ = {isa = PBXBuildFile; fileRef = 0D9A8E291B5BB06B00589B8C /* Section8_3ViewController.m */; };
		0D9A8E2D1B5BBA4B00589B8C /* Section8_4ViewController.m in Sources */ = {isa = PBXBuildFile; fileRef = 0D9A8E2C1B5BBA4B00589B8C /* Section8_4ViewController.m */; };
		0DA944101B6E737000FD2146 /* SectionListiOS7NO19ViewController.m in Sources */ = {isa = PBXBuildFile; fileRef = 0DA9440F1B6E737000FD2146 /* SectionListiOS7NO19ViewController.m */; };
		0DA944131B6E748B00FD2146 /* Section19_iOS7_1ViewController.m in Sources */ = {isa = PBXBuildFile; fileRef = 0DA944121B6E748B00FD2146 /* Section19_iOS7_1ViewController.m */; };
		0DB0E1221B69D31600289B0F /* SectionListiOS7NO23ViewController.m in Sources */ = {isa = PBXBuildFile; fileRef = 0DB0E1211B69D31600289B0F /* SectionListiOS7NO23ViewController.m */; };
		0DB0E1261B69D42100289B0F /* Section23_iOS7_1ViewController.m in Sources */ = {isa = PBXBuildFile; fileRef = 0DB0E1241B69D42100289B0F /* Section23_iOS7_1ViewController.m */; };
		0DB0E1271B69D42100289B0F /* Section23_iOS7_1ViewController.xib in Resources */ = {isa = PBXBuildFile; fileRef = 0DB0E1251B69D42100289B0F /* Section23_iOS7_1ViewController.xib */; };
		0DB0E12F1B69D80C00289B0F /* RNQueue.m in Sources */ = {isa = PBXBuildFile; fileRef = 0DB0E12E1B69D80C00289B0F /* RNQueue.m */; };
		0DB0E1331B69F84000289B0F /* Section23_iOS7_2ViewController.m in Sources */ = {isa = PBXBuildFile; fileRef = 0DB0E1311B69F84000289B0F /* Section23_iOS7_2ViewController.m */; };
		0DB0E1341B69F84000289B0F /* Section23_iOS7_2ViewController.xib in Resources */ = {isa = PBXBuildFile; fileRef = 0DB0E1321B69F84000289B0F /* Section23_iOS7_2ViewController.xib */; };
		0DB0E1371B69FAE600289B0F /* RNTimer.m in Sources */ = {isa = PBXBuildFile; fileRef = 0DB0E1361B69FAE600289B0F /* RNTimer.m */; };
		0DB0E13A1B6A0CD100289B0F /* Section23_iOS7_3ViewController.m in Sources */ = {isa = PBXBuildFile; fileRef = 0DB0E1391B6A0CD100289B0F /* Section23_iOS7_3ViewController.m */; };
		0DB7C45C1B5F358200D19259 /* SectionListNO14ViewController.m in Sources */ = {isa = PBXBuildFile; fileRef = 0DB7C45B1B5F358200D19259 /* SectionListNO14ViewController.m */; };
		0DB7C45F1B5F360000D19259 /* Section14_1ViewController.m in Sources */ = {isa = PBXBuildFile; fileRef = 0DB7C45E1B5F360000D19259 /* Section14_1ViewController.m */; };
		0DB7C4621B5F3EF100D19259 /* Section13_3ViewController.m in Sources */ = {isa = PBXBuildFile; fileRef = 0DB7C4611B5F3EF100D19259 /* Section13_3ViewController.m */; };
		0DC412D51B5E864D001274DC /* Section13_2ViewController.m in Sources */ = {isa = PBXBuildFile; fileRef = 0DC412D41B5E864D001274DC /* Section13_2ViewController.m */; };
		0DCAEF8F1B58F92900AC4425 /* YXViewController.m in Sources */ = {isa = PBXBuildFile; fileRef = 0DCAEF8E1B58F92900AC4425 /* YXViewController.m */; };
		0DCAEF921B58F98300AC4425 /* YXNavigationController.m in Sources */ = {isa = PBXBuildFile; fileRef = 0DCAEF911B58F98300AC4425 /* YXNavigationController.m */; };
		0DCAEF951B58F9FB00AC4425 /* YXTableViewController.m in Sources */ = {isa = PBXBuildFile; fileRef = 0DCAEF941B58F9FB00AC4425 /* YXTableViewController.m */; };
		0DCAEF981B58FB0200AC4425 /* AViewController.m in Sources */ = {isa = PBXBuildFile; fileRef = 0DCAEF971B58FB0200AC4425 /* AViewController.m */; };
		0DCAEF9B1B5903A500AC4425 /* UITableViewCell+YXSetValues.m in Sources */ = {isa = PBXBuildFile; fileRef = 0DCAEF9A1B5903A500AC4425 /* UITableViewCell+YXSetValues.m */; };
		0DCC75D71B5C9BC5007E3CD0 /* Section8_6ViewController.m in Sources */ = {isa = PBXBuildFile; fileRef = 0DCC75D61B5C9BC5007E3CD0 /* Section8_6ViewController.m */; };
		0DCC75DB1B5CB5A4007E3CD0 /* Section9_1ViewController.m in Sources */ = {isa = PBXBuildFile; fileRef = 0DCC75DA1B5CB5A4007E3CD0 /* Section9_1ViewController.m */; };
		0DCC75DE1B5CB5C2007E3CD0 /* SectionListNO9ViewController.m in Sources */ = {isa = PBXBuildFile; fileRef = 0DCC75DD1B5CB5C2007E3CD0 /* SectionListNO9ViewController.m */; };
		0DCC75E21B5CB76E007E3CD0 /* CircleView.m in Sources */ = {isa = PBXBuildFile; fileRef = 0DCC75E11B5CB76E007E3CD0 /* CircleView.m */; };
		0DCC75E51B5CBAF5007E3CD0 /* DelegateView.m in Sources */ = {isa = PBXBuildFile; fileRef = 0DCC75E41B5CBAF5007E3CD0 /* DelegateView.m */; };
		0DCC75E81B5CBBDC007E3CD0 /* Section9_2ViewController.m in Sources */ = {isa = PBXBuildFile; fileRef = 0DCC75E71B5CBBDC007E3CD0 /* Section9_2ViewController.m */; };
		0DCC75EA1B5CBDA3007E3CD0 /* Pushing@2x.png in Resources */ = {isa = PBXBuildFile; fileRef = 0DCC75E91B5CBDA3007E3CD0 /* Pushing@2x.png */; };
		0DD5A18A1B5BE3BF001436F9 /* Section8_5ViewController.m in Sources */ = {isa = PBXBuildFile; fileRef = 0DD5A1891B5BE3BF001436F9 /* Section8_5ViewController.m */; };
		0DE0602C1B653DD800C09938 /* UIImage+ImageEffects.m in Sources */ = {isa = PBXBuildFile; fileRef = 0DE0602B1B653DD800C09938 /* UIImage+ImageEffects.m */; };
		0DE2D9E41B5A28560000AA31 /* YXNoMarginTableViewCell.m in Sources */ = {isa = PBXBuildFile; fileRef = 0DE2D9E31B5A28560000AA31 /* YXNoMarginTableViewCell.m */; };
		0DE2D9E81B5A31010000AA31 /* YXMutliTableViewController.m in Sources */ = {isa = PBXBuildFile; fileRef = 0DE2D9E71B5A31010000AA31 /* YXMutliTableViewController.m */; };
		0DE2D9EB1B5A3D770000AA31 /* YXMultiSubTableViewController.m in Sources */ = {isa = PBXBuildFile; fileRef = 0DE2D9EA1B5A3D770000AA31 /* YXMultiSubTableViewController.m */; };
		0DF4B4451B65DBD70081B8D8 /* CustomVCStoryboard.storyboard in Resources */ = {isa = PBXBuildFile; fileRef = 0DF4B4441B65DBD70081B8D8 /* CustomVCStoryboard.storyboard */; };
		0DF4B44F1B66131F0081B8D8 /* StoryboardCustom_iOS7_Chapter_ViewController.m in Sources */ = {isa = PBXBuildFile; fileRef = 0DF4B44E1B66131F0081B8D8 /* StoryboardCustom_iOS7_Chapter_ViewController.m */; };
		0DF4B4521B6614D20081B8D8 /* Storyboard_iOS7_Chapter4_ViewController.m in Sources */ = {isa = PBXBuildFile; fileRef = 0DF4B4511B6614D20081B8D8 /* Storyboard_iOS7_Chapter4_ViewController.m */; };
		0DF4B4571B6614DD0081B8D8 /* CustomSegue.m in Sources */ = {isa = PBXBuildFile; fileRef = 0DF4B4541B6614DD0081B8D8 /* CustomSegue.m */; };
		0DF4B4581B6614DD0081B8D8 /* CustomUnwindSegue.m in Sources */ = {isa = PBXBuildFile; fileRef = 0DF4B4561B6614DD0081B8D8 /* CustomUnwindSegue.m */; };
/* End PBXBuildFile section */

/* Begin PBXContainerItemProxy section */
		0D4389711B514288005DFCF7 /* PBXContainerItemProxy */ = {
			isa = PBXContainerItemProxy;
			containerPortal = 0D43894F1B514288005DFCF7 /* Project object */;
			proxyType = 1;
			remoteGlobalIDString = 0D4389561B514288005DFCF7;
			remoteInfo = YX;
		};
/* End PBXContainerItemProxy section */

/* Begin PBXFileReference section */
		0D0A83C31B578DFA0008F7AA /* YXTest.h */ = {isa = PBXFileReference; fileEncoding = 4; lastKnownFileType = sourcecode.c.h; name = YXTest.h; path = YX/Model/YXTest.h; sourceTree = "<group>"; };
		0D0A83C41B578DFA0008F7AA /* YXTest.m */ = {isa = PBXFileReference; fileEncoding = 4; lastKnownFileType = sourcecode.c.objc; name = YXTest.m; path = YX/Model/YXTest.m; sourceTree = "<group>"; };
		0D36C2851B563CCF0073FC64 /* Constant.h */ = {isa = PBXFileReference; fileEncoding = 4; lastKnownFileType = sourcecode.c.h; name = Constant.h; path = Helpers/Constant.h; sourceTree = "<group>"; };
		0D36C2861B563CCF0073FC64 /* Constant.m */ = {isa = PBXFileReference; fileEncoding = 4; lastKnownFileType = sourcecode.c.objc; name = Constant.m; path = Helpers/Constant.m; sourceTree = "<group>"; };
		0D36C2881B563CF30073FC64 /* FunCMacros.h */ = {isa = PBXFileReference; fileEncoding = 4; lastKnownFileType = sourcecode.c.h; name = FunCMacros.h; path = Helpers/FunCMacros.h; sourceTree = "<group>"; };
		0D36C2891B563CF30073FC64 /* Macros.h */ = {isa = PBXFileReference; fileEncoding = 4; lastKnownFileType = sourcecode.c.h; name = Macros.h; path = Helpers/Macros.h; sourceTree = "<group>"; };
		0D4389571B514288005DFCF7 /* YX.app */ = {isa = PBXFileReference; explicitFileType = wrapper.application; includeInIndex = 0; path = YX.app; sourceTree = BUILT_PRODUCTS_DIR; };
		0D43895B1B514288005DFCF7 /* Info.plist */ = {isa = PBXFileReference; lastKnownFileType = text.plist.xml; path = Info.plist; sourceTree = "<group>"; };
		0D43895C1B514288005DFCF7 /* main.m */ = {isa = PBXFileReference; lastKnownFileType = sourcecode.c.objc; path = main.m; sourceTree = "<group>"; };
		0D43895E1B514288005DFCF7 /* AppDelegate.h */ = {isa = PBXFileReference; lastKnownFileType = sourcecode.c.h; path = AppDelegate.h; sourceTree = "<group>"; };
		0D43895F1B514288005DFCF7 /* AppDelegate.m */ = {isa = PBXFileReference; lastKnownFileType = sourcecode.c.objc; path = AppDelegate.m; sourceTree = "<group>"; };
		0D4389671B514288005DFCF7 /* Images.xcassets */ = {isa = PBXFileReference; lastKnownFileType = folder.assetcatalog; path = Images.xcassets; sourceTree = "<group>"; };
		0D4389701B514288005DFCF7 /* YXTests.xctest */ = {isa = PBXFileReference; explicitFileType = wrapper.cfbundle; includeInIndex = 0; path = YXTests.xctest; sourceTree = BUILT_PRODUCTS_DIR; };
		0D4389751B514288005DFCF7 /* Info.plist */ = {isa = PBXFileReference; lastKnownFileType = text.plist.xml; path = Info.plist; sourceTree = "<group>"; };
		0D4389761B514288005DFCF7 /* YXTests.m */ = {isa = PBXFileReference; lastKnownFileType = sourcecode.c.objc; path = YXTests.m; sourceTree = "<group>"; };
		0D45487B1B704C7C002E1C41 /* Section20_iOS7_1ViewController.h */ = {isa = PBXFileReference; fileEncoding = 4; lastKnownFileType = sourcecode.c.h; name = Section20_iOS7_1ViewController.h; path = YX/VC/Section20_iOS7_1ViewController.h; sourceTree = "<group>"; };
		0D45487C1B704C7C002E1C41 /* Section20_iOS7_1ViewController.m */ = {isa = PBXFileReference; fileEncoding = 4; lastKnownFileType = sourcecode.c.objc; name = Section20_iOS7_1ViewController.m; path = YX/VC/Section20_iOS7_1ViewController.m; sourceTree = "<group>"; };
		0D45487F1B704DEB002E1C41 /* Section20_Test_collectionViewController.h */ = {isa = PBXFileReference; fileEncoding = 4; lastKnownFileType = sourcecode.c.h; name = Section20_Test_collectionViewController.h; path = YX/VC/Section20_Test_collectionViewController.h; sourceTree = "<group>"; };
		0D4548801B704DEB002E1C41 /* Section20_Test_collectionViewController.m */ = {isa = PBXFileReference; fileEncoding = 4; lastKnownFileType = sourcecode.c.objc; name = Section20_Test_collectionViewController.m; path = YX/VC/Section20_Test_collectionViewController.m; sourceTree = "<group>"; };
		0D4548821B70603C002E1C41 /* Section20_iOS7_2ViewController.h */ = {isa = PBXFileReference; fileEncoding = 4; lastKnownFileType = sourcecode.c.h; name = Section20_iOS7_2ViewController.h; path = YX/VC/Section20_iOS7_2ViewController.h; sourceTree = "<group>"; };
		0D4548831B70603C002E1C41 /* Section20_iOS7_2ViewController.m */ = {isa = PBXFileReference; fileEncoding = 4; lastKnownFileType = sourcecode.c.objc; name = Section20_iOS7_2ViewController.m; path = YX/VC/Section20_iOS7_2ViewController.m; sourceTree = "<group>"; };
		0D4548891B706553002E1C41 /* YXVCTransitioningDelegate.h */ = {isa = PBXFileReference; fileEncoding = 4; lastKnownFileType = sourcecode.c.h; name = YXVCTransitioningDelegate.h; path = YX/VC/Delegate/YXVCTransitioningDelegate.h; sourceTree = "<group>"; };
		0D45488A1B706553002E1C41 /* YXVCTransitioningDelegate.m */ = {isa = PBXFileReference; fileEncoding = 4; lastKnownFileType = sourcecode.c.objc; name = YXVCTransitioningDelegate.m; path = YX/VC/Delegate/YXVCTransitioningDelegate.m; sourceTree = "<group>"; };
		0D45488C1B708C75002E1C41 /* YXPresentVCAnimation.h */ = {isa = PBXFileReference; fileEncoding = 4; lastKnownFileType = sourcecode.c.h; name = YXPresentVCAnimation.h; path = YX/VC/Delegate/YXPresentVCAnimation.h; sourceTree = "<group>"; };
		0D45488D1B708C75002E1C41 /* YXPresentVCAnimation.m */ = {isa = PBXFileReference; fileEncoding = 4; lastKnownFileType = sourcecode.c.objc; name = YXPresentVCAnimation.m; path = YX/VC/Delegate/YXPresentVCAnimation.m; sourceTree = "<group>"; };
		0D45488F1B708CD3002E1C41 /* YXDismissVCAnimation.h */ = {isa = PBXFileReference; fileEncoding = 4; lastKnownFileType = sourcecode.c.h; name = YXDismissVCAnimation.h; path = YX/VC/Delegate/YXDismissVCAnimation.h; sourceTree = "<group>"; };
		0D4548901B708CD3002E1C41 /* YXDismissVCAnimation.m */ = {isa = PBXFileReference; fileEncoding = 4; lastKnownFileType = sourcecode.c.objc; name = YXDismissVCAnimation.m; path = YX/VC/Delegate/YXDismissVCAnimation.m; sourceTree = "<group>"; };
		0D5E4E481B52404100CB3A8C /* IndexViewController.h */ = {isa = PBXFileReference; fileEncoding = 4; lastKnownFileType = sourcecode.c.h; name = IndexViewController.h; path = YX/VC/IndexViewController.h; sourceTree = "<group>"; };
		0D5E4E491B52404100CB3A8C /* IndexViewController.m */ = {isa = PBXFileReference; fileEncoding = 4; lastKnownFileType = sourcecode.c.objc; name = IndexViewController.m; path = YX/VC/IndexViewController.m; sourceTree = "<group>"; };
		0D5E4E5C1B52599A00CB3A8C /* j1@2x.jpeg */ = {isa = PBXFileReference; lastKnownFileType = image.jpeg; path = "j1@2x.jpeg"; sourceTree = "<group>"; };
		0D5E4E5D1B52599A00CB3A8C /* j2@2x.jpeg */ = {isa = PBXFileReference; lastKnownFileType = image.jpeg; path = "j2@2x.jpeg"; sourceTree = "<group>"; };
		0D5E4E5E1B52599A00CB3A8C /* j3@2x.jpeg */ = {isa = PBXFileReference; lastKnownFileType = image.jpeg; path = "j3@2x.jpeg"; sourceTree = "<group>"; };
		0D5E4E5F1B52599A00CB3A8C /* j4@2x.jpeg */ = {isa = PBXFileReference; lastKnownFileType = image.jpeg; path = "j4@2x.jpeg"; sourceTree = "<group>"; };
		0D6F0ABA1B5CD15C004C9410 /* Section9_3ViewController.h */ = {isa = PBXFileReference; fileEncoding = 4; lastKnownFileType = sourcecode.c.h; name = Section9_3ViewController.h; path = YX/VC/Section9_3ViewController.h; sourceTree = "<group>"; };
		0D6F0ABB1B5CD15C004C9410 /* Section9_3ViewController.m */ = {isa = PBXFileReference; fileEncoding = 4; lastKnownFileType = sourcecode.c.objc; name = Section9_3ViewController.m; path = YX/VC/Section9_3ViewController.m; sourceTree = "<group>"; };
		0D6F0ABD1B5CD9EA004C9410 /* CALayer+YXAmimation.h */ = {isa = PBXFileReference; fileEncoding = 4; lastKnownFileType = sourcecode.c.h; name = "CALayer+YXAmimation.h"; path = "YX/Category/CALayer+YXAmimation.h"; sourceTree = "<group>"; };
		0D6F0ABE1B5CD9EA004C9410 /* CALayer+YXAmimation.m */ = {isa = PBXFileReference; fileEncoding = 4; lastKnownFileType = sourcecode.c.objc; name = "CALayer+YXAmimation.m"; path = "YX/Category/CALayer+YXAmimation.m"; sourceTree = "<group>"; };
		0D6F0AC01B5CE060004C9410 /* Section9_4ViewController.h */ = {isa = PBXFileReference; fileEncoding = 4; lastKnownFileType = sourcecode.c.h; name = Section9_4ViewController.h; path = YX/VC/Section9_4ViewController.h; sourceTree = "<group>"; };
		0D6F0AC11B5CE060004C9410 /* Section9_4ViewController.m */ = {isa = PBXFileReference; fileEncoding = 4; lastKnownFileType = sourcecode.c.objc; name = Section9_4ViewController.m; path = YX/VC/Section9_4ViewController.m; sourceTree = "<group>"; };
		0D6F0AC31B5CEF03004C9410 /* Section9_5ViewController.h */ = {isa = PBXFileReference; fileEncoding = 4; lastKnownFileType = sourcecode.c.h; name = Section9_5ViewController.h; path = YX/VC/Section9_5ViewController.h; sourceTree = "<group>"; };
		0D6F0AC41B5CEF03004C9410 /* Section9_5ViewController.m */ = {isa = PBXFileReference; fileEncoding = 4; lastKnownFileType = sourcecode.c.objc; name = Section9_5ViewController.m; path = YX/VC/Section9_5ViewController.m; sourceTree = "<group>"; };
		0D6F0AC61B5D02FF004C9410 /* Section9_6ViewController.h */ = {isa = PBXFileReference; fileEncoding = 4; lastKnownFileType = sourcecode.c.h; name = Section9_6ViewController.h; path = YX/VC/Section9_6ViewController.h; sourceTree = "<group>"; };
		0D6F0AC71B5D02FF004C9410 /* Section9_6ViewController.m */ = {isa = PBXFileReference; fileEncoding = 4; lastKnownFileType = sourcecode.c.objc; name = Section9_6ViewController.m; path = YX/VC/Section9_6ViewController.m; sourceTree = "<group>"; };
		0D6F0ACA1B5D043D004C9410 /* CircleCALayer.h */ = {isa = PBXFileReference; fileEncoding = 4; lastKnownFileType = sourcecode.c.h; name = CircleCALayer.h; path = YX/VC/CALayers/CircleCALayer.h; sourceTree = "<group>"; };
		0D6F0ACB1B5D043D004C9410 /* CircleCALayer.m */ = {isa = PBXFileReference; fileEncoding = 4; lastKnownFileType = sourcecode.c.objc; name = CircleCALayer.m; path = YX/VC/CALayers/CircleCALayer.m; sourceTree = "<group>"; };
		0D7453801B67DAC0006E1CF6 /* SectionListiOS7NO5ViewController.h */ = {isa = PBXFileReference; fileEncoding = 4; lastKnownFileType = sourcecode.c.h; name = SectionListiOS7NO5ViewController.h; path = YX/VC/SectionListiOS7NO5ViewController.h; sourceTree = "<group>"; };
		0D7453811B67DAC0006E1CF6 /* SectionListiOS7NO5ViewController.m */ = {isa = PBXFileReference; fileEncoding = 4; lastKnownFileType = sourcecode.c.objc; name = SectionListiOS7NO5ViewController.m; path = YX/VC/SectionListiOS7NO5ViewController.m; sourceTree = "<group>"; };
		0D7453831B67E350006E1CF6 /* YXCollectionViewController.h */ = {isa = PBXFileReference; fileEncoding = 4; lastKnownFileType = sourcecode.c.h; name = YXCollectionViewController.h; path = YX/VC/YXCollectionViewController.h; sourceTree = "<group>"; };
		0D7453841B67E350006E1CF6 /* YXCollectionViewController.m */ = {isa = PBXFileReference; fileEncoding = 4; lastKnownFileType = sourcecode.c.objc; name = YXCollectionViewController.m; path = YX/VC/YXCollectionViewController.m; sourceTree = "<group>"; };
		0D7453861B67E472006E1CF6 /* Section5_iOS7_1ViewController.h */ = {isa = PBXFileReference; fileEncoding = 4; lastKnownFileType = sourcecode.c.h; name = Section5_iOS7_1ViewController.h; path = YX/VC/Section5_iOS7_1ViewController.h; sourceTree = "<group>"; };
		0D7453871B67E472006E1CF6 /* Section5_iOS7_1ViewController.m */ = {isa = PBXFileReference; fileEncoding = 4; lastKnownFileType = sourcecode.c.objc; name = Section5_iOS7_1ViewController.m; path = YX/VC/Section5_iOS7_1ViewController.m; sourceTree = "<group>"; };
		0D74538A1B67E55B006E1CF6 /* YXMasonryViewLayout.h */ = {isa = PBXFileReference; fileEncoding = 4; lastKnownFileType = sourcecode.c.h; name = YXMasonryViewLayout.h; path = YX/VC/CollectionLayout/YXMasonryViewLayout.h; sourceTree = "<group>"; };
		0D74538B1B67E55B006E1CF6 /* YXMasonryViewLayout.m */ = {isa = PBXFileReference; fileEncoding = 4; lastKnownFileType = sourcecode.c.objc; name = YXMasonryViewLayout.m; path = YX/VC/CollectionLayout/YXMasonryViewLayout.m; sourceTree = "<group>"; };
		0D7A8C5D1B68666500FFA493 /* YXCoverFlowLayout.h */ = {isa = PBXFileReference; fileEncoding = 4; lastKnownFileType = sourcecode.c.h; name = YXCoverFlowLayout.h; path = YX/VC/CollectionLayout/YXCoverFlowLayout.h; sourceTree = "<group>"; };
		0D7A8C5E1B68666500FFA493 /* YXCoverFlowLayout.m */ = {isa = PBXFileReference; fileEncoding = 4; lastKnownFileType = sourcecode.c.objc; name = YXCoverFlowLayout.m; path = YX/VC/CollectionLayout/YXCoverFlowLayout.m; sourceTree = "<group>"; };
		0D7A8C601B68675A00FFA493 /* Photos */ = {isa = PBXFileReference; lastKnownFileType = folder; path = Photos; sourceTree = "<group>"; };
		0D7A8C621B68679200FFA493 /* Section5_iOS7_2ViewController.h */ = {isa = PBXFileReference; fileEncoding = 4; lastKnownFileType = sourcecode.c.h; name = Section5_iOS7_2ViewController.h; path = YX/VC/Section5_iOS7_2ViewController.h; sourceTree = "<group>"; };
		0D7A8C631B68679200FFA493 /* Section5_iOS7_2ViewController.m */ = {isa = PBXFileReference; fileEncoding = 4; lastKnownFileType = sourcecode.c.objc; name = Section5_iOS7_2ViewController.m; path = YX/VC/Section5_iOS7_2ViewController.m; sourceTree = "<group>"; };
		0D7A8C661B6868C200FFA493 /* YXPhotoCollectionViewCell.h */ = {isa = PBXFileReference; fileEncoding = 4; lastKnownFileType = sourcecode.c.h; name = YXPhotoCollectionViewCell.h; path = YX/VC/Views/YXPhotoCollectionViewCell.h; sourceTree = "<group>"; };
		0D7A8C671B6868C200FFA493 /* YXPhotoCollectionViewCell.m */ = {isa = PBXFileReference; fileEncoding = 4; lastKnownFileType = sourcecode.c.objc; name = YXPhotoCollectionViewCell.m; path = YX/VC/Views/YXPhotoCollectionViewCell.m; sourceTree = "<group>"; };
		0D7A8C691B686C4500FFA493 /* NSLayoutConstraint+YXCommon.h */ = {isa = PBXFileReference; fileEncoding = 4; lastKnownFileType = sourcecode.c.h; name = "NSLayoutConstraint+YXCommon.h"; path = "YX/Category/NSLayoutConstraint+YXCommon.h"; sourceTree = "<group>"; };
		0D7A8C6A1B686C4500FFA493 /* NSLayoutConstraint+YXCommon.m */ = {isa = PBXFileReference; fileEncoding = 4; lastKnownFileType = sourcecode.c.objc; name = "NSLayoutConstraint+YXCommon.m"; path = "YX/Category/NSLayoutConstraint+YXCommon.m"; sourceTree = "<group>"; };
		0D7B97A51B6EF53A006820CB /* Section19_iOS7_2ViewController.h */ = {isa = PBXFileReference; fileEncoding = 4; lastKnownFileType = sourcecode.c.h; name = Section19_iOS7_2ViewController.h; path = YX/VC/Section19_iOS7_2ViewController.h; sourceTree = "<group>"; };
		0D7B97A61B6EF53A006820CB /* Section19_iOS7_2ViewController.m */ = {isa = PBXFileReference; fileEncoding = 4; lastKnownFileType = sourcecode.c.objc; name = Section19_iOS7_2ViewController.m; path = YX/VC/Section19_iOS7_2ViewController.m; sourceTree = "<group>"; };
		0D7B97A81B6F04C8006820CB /* Section19_iOS7_3ViewController.h */ = {isa = PBXFileReference; fileEncoding = 4; lastKnownFileType = sourcecode.c.h; name = Section19_iOS7_3ViewController.h; path = YX/VC/Section19_iOS7_3ViewController.h; sourceTree = "<group>"; };
		0D7B97A91B6F04C8006820CB /* Section19_iOS7_3ViewController.m */ = {isa = PBXFileReference; fileEncoding = 4; lastKnownFileType = sourcecode.c.objc; name = Section19_iOS7_3ViewController.m; path = YX/VC/Section19_iOS7_3ViewController.m; sourceTree = "<group>"; };
		0D7B97AB1B6F177A006820CB /* Section19_iOS7_4ViewController.h */ = {isa = PBXFileReference; fileEncoding = 4; lastKnownFileType = sourcecode.c.h; name = Section19_iOS7_4ViewController.h; path = YX/VC/Section19_iOS7_4ViewController.h; sourceTree = "<group>"; };
		0D7B97AC1B6F177A006820CB /* Section19_iOS7_4ViewController.m */ = {isa = PBXFileReference; fileEncoding = 4; lastKnownFileType = sourcecode.c.objc; name = Section19_iOS7_4ViewController.m; path = YX/VC/Section19_iOS7_4ViewController.m; sourceTree = "<group>"; };
		0D7B97AF1B6F19BC006820CB /* YXDragView.h */ = {isa = PBXFileReference; fileEncoding = 4; lastKnownFileType = sourcecode.c.h; name = YXDragView.h; path = YX/VC/Views/YXDragView.h; sourceTree = "<group>"; };
		0D7B97B01B6F19BC006820CB /* YXDragView.m */ = {isa = PBXFileReference; fileEncoding = 4; lastKnownFileType = sourcecode.c.objc; name = YXDragView.m; path = YX/VC/Views/YXDragView.m; sourceTree = "<group>"; };
		0D7B97B31B6F3A61006820CB /* YXDefaultDynamicBehavior.h */ = {isa = PBXFileReference; fileEncoding = 4; lastKnownFileType = sourcecode.c.h; name = YXDefaultDynamicBehavior.h; path = YX/VC/Behavior/YXDefaultDynamicBehavior.h; sourceTree = "<group>"; };
		0D7B97B41B6F3A61006820CB /* YXDefaultDynamicBehavior.m */ = {isa = PBXFileReference; fileEncoding = 4; lastKnownFileType = sourcecode.c.objc; name = YXDefaultDynamicBehavior.m; path = YX/VC/Behavior/YXDefaultDynamicBehavior.m; sourceTree = "<group>"; };
		0D7B97B61B6F52D5006820CB /* YXTearCopyBehavior.h */ = {isa = PBXFileReference; fileEncoding = 4; lastKnownFileType = sourcecode.c.h; name = YXTearCopyBehavior.h; path = YX/VC/Behavior/YXTearCopyBehavior.h; sourceTree = "<group>"; };
		0D7B97B71B6F52D5006820CB /* YXTearCopyBehavior.m */ = {isa = PBXFileReference; fileEncoding = 4; lastKnownFileType = sourcecode.c.objc; name = YXTearCopyBehavior.m; path = YX/VC/Behavior/YXTearCopyBehavior.m; sourceTree = "<group>"; };
		0D7B97C21B6F6B67006820CB /* YXCollectionViewDragLayout.h */ = {isa = PBXFileReference; fileEncoding = 4; lastKnownFileType = sourcecode.c.h; name = YXCollectionViewDragLayout.h; path = YX/VC/CollectionLayout/YXCollectionViewDragLayout.h; sourceTree = "<group>"; };
		0D7B97C31B6F6B67006820CB /* YXCollectionViewDragLayout.m */ = {isa = PBXFileReference; fileEncoding = 4; lastKnownFileType = sourcecode.c.objc; name = YXCollectionViewDragLayout.m; path = YX/VC/CollectionLayout/YXCollectionViewDragLayout.m; sourceTree = "<group>"; };
		0D7B97D71B6F8190006820CB /* Section19_iOS7_5ViewController.h */ = {isa = PBXFileReference; fileEncoding = 4; lastKnownFileType = sourcecode.c.h; name = Section19_iOS7_5ViewController.h; path = YX/VC/Section19_iOS7_5ViewController.h; sourceTree = "<group>"; };
		0D7B97D81B6F8190006820CB /* Section19_iOS7_5ViewController.m */ = {isa = PBXFileReference; fileEncoding = 4; lastKnownFileType = sourcecode.c.objc; name = Section19_iOS7_5ViewController.m; path = YX/VC/Section19_iOS7_5ViewController.m; sourceTree = "<group>"; };
		0D7B97D91B6F8190006820CB /* Section19_iOS7_5ViewController.xib */ = {isa = PBXFileReference; fileEncoding = 4; lastKnownFileType = file.xib; name = Section19_iOS7_5ViewController.xib; path = YX/VC/Section19_iOS7_5ViewController.xib; sourceTree = "<group>"; };
		0D7BC2E91B61D6A700A9FDC0 /* XMLData.xml */ = {isa = PBXFileReference; fileEncoding = 4; lastKnownFileType = text.xml; name = XMLData.xml; path = Resoures/XMLData.xml; sourceTree = "<group>"; };
		0D7BC2EC1B621E5B00A9FDC0 /* JSONModel.h */ = {isa = PBXFileReference; fileEncoding = 4; lastKnownFileType = sourcecode.c.h; name = JSONModel.h; path = YX/Model/JSONModel.h; sourceTree = "<group>"; };
		0D7BC2ED1B621E5B00A9FDC0 /* JSONModel.m */ = {isa = PBXFileReference; fileEncoding = 4; lastKnownFileType = sourcecode.c.objc; name = JSONModel.m; path = YX/Model/JSONModel.m; sourceTree = "<group>"; };
		0D7BC2EE1B621E5B00A9FDC0 /* MenuItem.h */ = {isa = PBXFileReference; fileEncoding = 4; lastKnownFileType = sourcecode.c.h; name = MenuItem.h; path = YX/Model/MenuItem.h; sourceTree = "<group>"; };
		0D7BC2EF1B621E5B00A9FDC0 /* MenuItem.m */ = {isa = PBXFileReference; fileEncoding = 4; lastKnownFileType = sourcecode.c.objc; name = MenuItem.m; path = YX/Model/MenuItem.m; sourceTree = "<group>"; };
		0D7BC2F21B621E5B00A9FDC0 /* Review.h */ = {isa = PBXFileReference; fileEncoding = 4; lastKnownFileType = sourcecode.c.h; name = Review.h; path = YX/Model/Review.h; sourceTree = "<group>"; };
		0D7BC2F31B621E5B00A9FDC0 /* Review.m */ = {isa = PBXFileReference; fileEncoding = 4; lastKnownFileType = sourcecode.c.objc; name = Review.m; path = YX/Model/Review.m; sourceTree = "<group>"; };
		0D7BD6401B70D6BF00524F3B /* YXPercentDrivenAnimation.h */ = {isa = PBXFileReference; fileEncoding = 4; lastKnownFileType = sourcecode.c.h; name = YXPercentDrivenAnimation.h; path = YX/VC/Delegate/YXPercentDrivenAnimation.h; sourceTree = "<group>"; };
		0D7BD6411B70D6BF00524F3B /* YXPercentDrivenAnimation.m */ = {isa = PBXFileReference; fileEncoding = 4; lastKnownFileType = sourcecode.c.objc; name = YXPercentDrivenAnimation.m; path = YX/VC/Delegate/YXPercentDrivenAnimation.m; sourceTree = "<group>"; };
		0D85DAE91B6FCBA9001DD18E /* SectionListiOS7NO20ViewController.h */ = {isa = PBXFileReference; fileEncoding = 4; lastKnownFileType = sourcecode.c.h; name = SectionListiOS7NO20ViewController.h; path = YX/VC/SectionListiOS7NO20ViewController.h; sourceTree = "<group>"; };
		0D85DAEA1B6FCBA9001DD18E /* SectionListiOS7NO20ViewController.m */ = {isa = PBXFileReference; fileEncoding = 4; lastKnownFileType = sourcecode.c.objc; name = SectionListiOS7NO20ViewController.m; path = YX/VC/SectionListiOS7NO20ViewController.m; sourceTree = "<group>"; };
		0D8701B21B6903D300850F27 /* SectionListiOS7NO14ViewController.h */ = {isa = PBXFileReference; fileEncoding = 4; lastKnownFileType = sourcecode.c.h; name = SectionListiOS7NO14ViewController.h; path = YX/VC/SectionListiOS7NO14ViewController.h; sourceTree = "<group>"; };
		0D8701B31B6903D300850F27 /* SectionListiOS7NO14ViewController.m */ = {isa = PBXFileReference; fileEncoding = 4; lastKnownFileType = sourcecode.c.objc; name = SectionListiOS7NO14ViewController.m; path = YX/VC/SectionListiOS7NO14ViewController.m; sourceTree = "<group>"; };
		0D9448191B5E1CD6007FF694 /* SectionListNO13ViewController.h */ = {isa = PBXFileReference; fileEncoding = 4; lastKnownFileType = sourcecode.c.h; name = SectionListNO13ViewController.h; path = YX/VC/SectionListNO13ViewController.h; sourceTree = "<group>"; };
		0D94481A1B5E1CD6007FF694 /* SectionListNO13ViewController.m */ = {isa = PBXFileReference; fileEncoding = 4; lastKnownFileType = sourcecode.c.objc; name = SectionListNO13ViewController.m; path = YX/VC/SectionListNO13ViewController.m; sourceTree = "<group>"; };
		0D94481C1B5E1D55007FF694 /* Section13_1ViewController.h */ = {isa = PBXFileReference; fileEncoding = 4; lastKnownFileType = sourcecode.c.h; name = Section13_1ViewController.h; path = YX/VC/Section13_1ViewController.h; sourceTree = "<group>"; };
		0D94481D1B5E1D55007FF694 /* Section13_1ViewController.m */ = {isa = PBXFileReference; fileEncoding = 4; lastKnownFileType = sourcecode.c.objc; name = Section13_1ViewController.m; path = YX/VC/Section13_1ViewController.m; sourceTree = "<group>"; };
		0D96DDE11B64B18F0072D937 /* UIDevice+MKAdditions.h */ = {isa = PBXFileReference; fileEncoding = 4; lastKnownFileType = sourcecode.c.h; name = "UIDevice+MKAdditions.h"; path = "YX/Category/UIDevice+MKAdditions.h"; sourceTree = "<group>"; };
		0D96DDE21B64B18F0072D937 /* UIDevice+MKAdditions.m */ = {isa = PBXFileReference; fileEncoding = 4; lastKnownFileType = sourcecode.c.objc; name = "UIDevice+MKAdditions.m"; path = "YX/Category/UIDevice+MKAdditions.m"; sourceTree = "<group>"; };
		0D9A8E1E1B5B5F1500589B8C /* SectionListNO8ViewController.h */ = {isa = PBXFileReference; fileEncoding = 4; lastKnownFileType = sourcecode.c.h; name = SectionListNO8ViewController.h; path = YX/VC/SectionListNO8ViewController.h; sourceTree = "<group>"; };
		0D9A8E1F1B5B5F1500589B8C /* SectionListNO8ViewController.m */ = {isa = PBXFileReference; fileEncoding = 4; lastKnownFileType = sourcecode.c.objc; name = SectionListNO8ViewController.m; path = YX/VC/SectionListNO8ViewController.m; sourceTree = "<group>"; };
		0D9A8E221B5B86FC00589B8C /* Section8_1ViewController.h */ = {isa = PBXFileReference; fileEncoding = 4; lastKnownFileType = sourcecode.c.h; name = Section8_1ViewController.h; path = YX/VC/Section8_1ViewController.h; sourceTree = "<group>"; };
		0D9A8E231B5B86FC00589B8C /* Section8_1ViewController.m */ = {isa = PBXFileReference; fileEncoding = 4; lastKnownFileType = sourcecode.c.objc; name = Section8_1ViewController.m; path = YX/VC/Section8_1ViewController.m; sourceTree = "<group>"; };
		0D9A8E251B5B8EA000589B8C /* Section8_2ViewController.h */ = {isa = PBXFileReference; fileEncoding = 4; lastKnownFileType = sourcecode.c.h; name = Section8_2ViewController.h; path = YX/VC/Section8_2ViewController.h; sourceTree = "<group>"; };
		0D9A8E261B5B8EA000589B8C /* Section8_2ViewController.m */ = {isa = PBXFileReference; fileEncoding = 4; lastKnownFileType = sourcecode.c.objc; name = Section8_2ViewController.m; path = YX/VC/Section8_2ViewController.m; sourceTree = "<group>"; };
		0D9A8E281B5BB06B00589B8C /* Section8_3ViewController.h */ = {isa = PBXFileReference; fileEncoding = 4; lastKnownFileType = sourcecode.c.h; name = Section8_3ViewController.h; path = YX/VC/Section8_3ViewController.h; sourceTree = "<group>"; };
		0D9A8E291B5BB06B00589B8C /* Section8_3ViewController.m */ = {isa = PBXFileReference; fileEncoding = 4; lastKnownFileType = sourcecode.c.objc; name = Section8_3ViewController.m; path = YX/VC/Section8_3ViewController.m; sourceTree = "<group>"; };
		0D9A8E2B1B5BBA4B00589B8C /* Section8_4ViewController.h */ = {isa = PBXFileReference; fileEncoding = 4; lastKnownFileType = sourcecode.c.h; name = Section8_4ViewController.h; path = YX/VC/Section8_4ViewController.h; sourceTree = "<group>"; };
		0D9A8E2C1B5BBA4B00589B8C /* Section8_4ViewController.m */ = {isa = PBXFileReference; fileEncoding = 4; lastKnownFileType = sourcecode.c.objc; name = Section8_4ViewController.m; path = YX/VC/Section8_4ViewController.m; sourceTree = "<group>"; };
		0DA9440E1B6E737000FD2146 /* SectionListiOS7NO19ViewController.h */ = {isa = PBXFileReference; fileEncoding = 4; lastKnownFileType = sourcecode.c.h; name = SectionListiOS7NO19ViewController.h; path = YX/VC/SectionListiOS7NO19ViewController.h; sourceTree = "<group>"; };
		0DA9440F1B6E737000FD2146 /* SectionListiOS7NO19ViewController.m */ = {isa = PBXFileReference; fileEncoding = 4; lastKnownFileType = sourcecode.c.objc; name = SectionListiOS7NO19ViewController.m; path = YX/VC/SectionListiOS7NO19ViewController.m; sourceTree = "<group>"; };
		0DA944111B6E748B00FD2146 /* Section19_iOS7_1ViewController.h */ = {isa = PBXFileReference; fileEncoding = 4; lastKnownFileType = sourcecode.c.h; name = Section19_iOS7_1ViewController.h; path = YX/VC/Section19_iOS7_1ViewController.h; sourceTree = "<group>"; };
		0DA944121B6E748B00FD2146 /* Section19_iOS7_1ViewController.m */ = {isa = PBXFileReference; fileEncoding = 4; lastKnownFileType = sourcecode.c.objc; name = Section19_iOS7_1ViewController.m; path = YX/VC/Section19_iOS7_1ViewController.m; sourceTree = "<group>"; };
		0DB0E1201B69D31600289B0F /* SectionListiOS7NO23ViewController.h */ = {isa = PBXFileReference; fileEncoding = 4; lastKnownFileType = sourcecode.c.h; name = SectionListiOS7NO23ViewController.h; path = YX/VC/SectionListiOS7NO23ViewController.h; sourceTree = "<group>"; };
		0DB0E1211B69D31600289B0F /* SectionListiOS7NO23ViewController.m */ = {isa = PBXFileReference; fileEncoding = 4; lastKnownFileType = sourcecode.c.objc; name = SectionListiOS7NO23ViewController.m; path = YX/VC/SectionListiOS7NO23ViewController.m; sourceTree = "<group>"; };
		0DB0E1231B69D42100289B0F /* Section23_iOS7_1ViewController.h */ = {isa = PBXFileReference; fileEncoding = 4; lastKnownFileType = sourcecode.c.h; name = Section23_iOS7_1ViewController.h; path = YX/VC/Section23_iOS7_1ViewController.h; sourceTree = "<group>"; };
		0DB0E1241B69D42100289B0F /* Section23_iOS7_1ViewController.m */ = {isa = PBXFileReference; fileEncoding = 4; lastKnownFileType = sourcecode.c.objc; name = Section23_iOS7_1ViewController.m; path = YX/VC/Section23_iOS7_1ViewController.m; sourceTree = "<group>"; };
		0DB0E1251B69D42100289B0F /* Section23_iOS7_1ViewController.xib */ = {isa = PBXFileReference; fileEncoding = 4; lastKnownFileType = file.xib; name = Section23_iOS7_1ViewController.xib; path = YX/VC/Section23_iOS7_1ViewController.xib; sourceTree = "<group>"; };
		0DB0E12D1B69D80C00289B0F /* RNQueue.h */ = {isa = PBXFileReference; fileEncoding = 4; lastKnownFileType = sourcecode.c.h; name = RNQueue.h; path = Helpers/RNQueue.h; sourceTree = "<group>"; };
		0DB0E12E1B69D80C00289B0F /* RNQueue.m */ = {isa = PBXFileReference; fileEncoding = 4; lastKnownFileType = sourcecode.c.objc; name = RNQueue.m; path = Helpers/RNQueue.m; sourceTree = "<group>"; };
		0DB0E1301B69F84000289B0F /* Section23_iOS7_2ViewController.h */ = {isa = PBXFileReference; fileEncoding = 4; lastKnownFileType = sourcecode.c.h; name = Section23_iOS7_2ViewController.h; path = YX/VC/Section23_iOS7_2ViewController.h; sourceTree = "<group>"; };
		0DB0E1311B69F84000289B0F /* Section23_iOS7_2ViewController.m */ = {isa = PBXFileReference; fileEncoding = 4; lastKnownFileType = sourcecode.c.objc; name = Section23_iOS7_2ViewController.m; path = YX/VC/Section23_iOS7_2ViewController.m; sourceTree = "<group>"; };
		0DB0E1321B69F84000289B0F /* Section23_iOS7_2ViewController.xib */ = {isa = PBXFileReference; fileEncoding = 4; lastKnownFileType = file.xib; name = Section23_iOS7_2ViewController.xib; path = YX/VC/Section23_iOS7_2ViewController.xib; sourceTree = "<group>"; };
		0DB0E1351B69FAE600289B0F /* RNTimer.h */ = {isa = PBXFileReference; fileEncoding = 4; lastKnownFileType = sourcecode.c.h; name = RNTimer.h; path = Helpers/RNTimer.h; sourceTree = "<group>"; };
		0DB0E1361B69FAE600289B0F /* RNTimer.m */ = {isa = PBXFileReference; fileEncoding = 4; lastKnownFileType = sourcecode.c.objc; name = RNTimer.m; path = Helpers/RNTimer.m; sourceTree = "<group>"; };
		0DB0E1381B6A0CD100289B0F /* Section23_iOS7_3ViewController.h */ = {isa = PBXFileReference; fileEncoding = 4; lastKnownFileType = sourcecode.c.h; name = Section23_iOS7_3ViewController.h; path = YX/VC/Section23_iOS7_3ViewController.h; sourceTree = "<group>"; };
		0DB0E1391B6A0CD100289B0F /* Section23_iOS7_3ViewController.m */ = {isa = PBXFileReference; fileEncoding = 4; lastKnownFileType = sourcecode.c.objc; name = Section23_iOS7_3ViewController.m; path = YX/VC/Section23_iOS7_3ViewController.m; sourceTree = "<group>"; };
		0DB7C45A1B5F358200D19259 /* SectionListNO14ViewController.h */ = {isa = PBXFileReference; fileEncoding = 4; lastKnownFileType = sourcecode.c.h; name = SectionListNO14ViewController.h; path = YX/VC/SectionListNO14ViewController.h; sourceTree = "<group>"; };
		0DB7C45B1B5F358200D19259 /* SectionListNO14ViewController.m */ = {isa = PBXFileReference; fileEncoding = 4; lastKnownFileType = sourcecode.c.objc; name = SectionListNO14ViewController.m; path = YX/VC/SectionListNO14ViewController.m; sourceTree = "<group>"; };
		0DB7C45D1B5F360000D19259 /* Section14_1ViewController.h */ = {isa = PBXFileReference; fileEncoding = 4; lastKnownFileType = sourcecode.c.h; name = Section14_1ViewController.h; path = YX/VC/Section14_1ViewController.h; sourceTree = "<group>"; };
		0DB7C45E1B5F360000D19259 /* Section14_1ViewController.m */ = {isa = PBXFileReference; fileEncoding = 4; lastKnownFileType = sourcecode.c.objc; name = Section14_1ViewController.m; path = YX/VC/Section14_1ViewController.m; sourceTree = "<group>"; };
		0DB7C4601B5F3EF100D19259 /* Section13_3ViewController.h */ = {isa = PBXFileReference; fileEncoding = 4; lastKnownFileType = sourcecode.c.h; name = Section13_3ViewController.h; path = YX/VC/Section13_3ViewController.h; sourceTree = "<group>"; };
		0DB7C4611B5F3EF100D19259 /* Section13_3ViewController.m */ = {isa = PBXFileReference; fileEncoding = 4; lastKnownFileType = sourcecode.c.objc; name = Section13_3ViewController.m; path = YX/VC/Section13_3ViewController.m; sourceTree = "<group>"; };
		0DC412D31B5E864D001274DC /* Section13_2ViewController.h */ = {isa = PBXFileReference; fileEncoding = 4; lastKnownFileType = sourcecode.c.h; name = Section13_2ViewController.h; path = YX/VC/Section13_2ViewController.h; sourceTree = "<group>"; };
		0DC412D41B5E864D001274DC /* Section13_2ViewController.m */ = {isa = PBXFileReference; fileEncoding = 4; lastKnownFileType = sourcecode.c.objc; name = Section13_2ViewController.m; path = YX/VC/Section13_2ViewController.m; sourceTree = "<group>"; };
		0DCAEF8D1B58F92900AC4425 /* YXViewController.h */ = {isa = PBXFileReference; fileEncoding = 4; lastKnownFileType = sourcecode.c.h; name = YXViewController.h; path = YX/VC/YXViewController.h; sourceTree = "<group>"; };
		0DCAEF8E1B58F92900AC4425 /* YXViewController.m */ = {isa = PBXFileReference; fileEncoding = 4; lastKnownFileType = sourcecode.c.objc; name = YXViewController.m; path = YX/VC/YXViewController.m; sourceTree = "<group>"; };
		0DCAEF901B58F98300AC4425 /* YXNavigationController.h */ = {isa = PBXFileReference; fileEncoding = 4; lastKnownFileType = sourcecode.c.h; name = YXNavigationController.h; path = YX/VC/YXNavigationController.h; sourceTree = "<group>"; };
		0DCAEF911B58F98300AC4425 /* YXNavigationController.m */ = {isa = PBXFileReference; fileEncoding = 4; lastKnownFileType = sourcecode.c.objc; name = YXNavigationController.m; path = YX/VC/YXNavigationController.m; sourceTree = "<group>"; };
		0DCAEF931B58F9FB00AC4425 /* YXTableViewController.h */ = {isa = PBXFileReference; fileEncoding = 4; lastKnownFileType = sourcecode.c.h; name = YXTableViewController.h; path = YX/VC/YXTableViewController.h; sourceTree = "<group>"; };
		0DCAEF941B58F9FB00AC4425 /* YXTableViewController.m */ = {isa = PBXFileReference; fileEncoding = 4; lastKnownFileType = sourcecode.c.objc; name = YXTableViewController.m; path = YX/VC/YXTableViewController.m; sourceTree = "<group>"; };
		0DCAEF961B58FB0200AC4425 /* AViewController.h */ = {isa = PBXFileReference; fileEncoding = 4; lastKnownFileType = sourcecode.c.h; name = AViewController.h; path = YX/VC/AViewController.h; sourceTree = "<group>"; };
		0DCAEF971B58FB0200AC4425 /* AViewController.m */ = {isa = PBXFileReference; fileEncoding = 4; lastKnownFileType = sourcecode.c.objc; name = AViewController.m; path = YX/VC/AViewController.m; sourceTree = "<group>"; };
		0DCAEF991B5903A500AC4425 /* UITableViewCell+YXSetValues.h */ = {isa = PBXFileReference; fileEncoding = 4; lastKnownFileType = sourcecode.c.h; name = "UITableViewCell+YXSetValues.h"; path = "YX/Category/UITableViewCell+YXSetValues.h"; sourceTree = "<group>"; };
		0DCAEF9A1B5903A500AC4425 /* UITableViewCell+YXSetValues.m */ = {isa = PBXFileReference; fileEncoding = 4; lastKnownFileType = sourcecode.c.objc; name = "UITableViewCell+YXSetValues.m"; path = "YX/Category/UITableViewCell+YXSetValues.m"; sourceTree = "<group>"; };
		0DCC75D51B5C9BC5007E3CD0 /* Section8_6ViewController.h */ = {isa = PBXFileReference; fileEncoding = 4; lastKnownFileType = sourcecode.c.h; name = Section8_6ViewController.h; path = YX/VC/Section8_6ViewController.h; sourceTree = "<group>"; };
		0DCC75D61B5C9BC5007E3CD0 /* Section8_6ViewController.m */ = {isa = PBXFileReference; fileEncoding = 4; lastKnownFileType = sourcecode.c.objc; name = Section8_6ViewController.m; path = YX/VC/Section8_6ViewController.m; sourceTree = "<group>"; };
		0DCC75D91B5CB5A4007E3CD0 /* Section9_1ViewController.h */ = {isa = PBXFileReference; fileEncoding = 4; lastKnownFileType = sourcecode.c.h; name = Section9_1ViewController.h; path = YX/VC/Section9_1ViewController.h; sourceTree = "<group>"; };
		0DCC75DA1B5CB5A4007E3CD0 /* Section9_1ViewController.m */ = {isa = PBXFileReference; fileEncoding = 4; lastKnownFileType = sourcecode.c.objc; name = Section9_1ViewController.m; path = YX/VC/Section9_1ViewController.m; sourceTree = "<group>"; };
		0DCC75DC1B5CB5C2007E3CD0 /* SectionListNO9ViewController.h */ = {isa = PBXFileReference; fileEncoding = 4; lastKnownFileType = sourcecode.c.h; name = SectionListNO9ViewController.h; path = YX/VC/SectionListNO9ViewController.h; sourceTree = "<group>"; };
		0DCC75DD1B5CB5C2007E3CD0 /* SectionListNO9ViewController.m */ = {isa = PBXFileReference; fileEncoding = 4; lastKnownFileType = sourcecode.c.objc; name = SectionListNO9ViewController.m; path = YX/VC/SectionListNO9ViewController.m; sourceTree = "<group>"; };
		0DCC75E01B5CB76E007E3CD0 /* CircleView.h */ = {isa = PBXFileReference; fileEncoding = 4; lastKnownFileType = sourcecode.c.h; name = CircleView.h; path = YX/VC/Views/CircleView.h; sourceTree = "<group>"; };
		0DCC75E11B5CB76E007E3CD0 /* CircleView.m */ = {isa = PBXFileReference; fileEncoding = 4; lastKnownFileType = sourcecode.c.objc; name = CircleView.m; path = YX/VC/Views/CircleView.m; sourceTree = "<group>"; };
		0DCC75E31B5CBAF5007E3CD0 /* DelegateView.h */ = {isa = PBXFileReference; fileEncoding = 4; lastKnownFileType = sourcecode.c.h; name = DelegateView.h; path = YX/VC/Views/DelegateView.h; sourceTree = "<group>"; };
		0DCC75E41B5CBAF5007E3CD0 /* DelegateView.m */ = {isa = PBXFileReference; fileEncoding = 4; lastKnownFileType = sourcecode.c.objc; name = DelegateView.m; path = YX/VC/Views/DelegateView.m; sourceTree = "<group>"; };
		0DCC75E61B5CBBDC007E3CD0 /* Section9_2ViewController.h */ = {isa = PBXFileReference; fileEncoding = 4; lastKnownFileType = sourcecode.c.h; name = Section9_2ViewController.h; path = YX/VC/Section9_2ViewController.h; sourceTree = "<group>"; };
		0DCC75E71B5CBBDC007E3CD0 /* Section9_2ViewController.m */ = {isa = PBXFileReference; fileEncoding = 4; lastKnownFileType = sourcecode.c.objc; name = Section9_2ViewController.m; path = YX/VC/Section9_2ViewController.m; sourceTree = "<group>"; };
		0DCC75E91B5CBDA3007E3CD0 /* Pushing@2x.png */ = {isa = PBXFileReference; lastKnownFileType = image.png; path = "Pushing@2x.png"; sourceTree = "<group>"; };
		0DD5A1881B5BE3BF001436F9 /* Section8_5ViewController.h */ = {isa = PBXFileReference; fileEncoding = 4; lastKnownFileType = sourcecode.c.h; name = Section8_5ViewController.h; path = YX/VC/Section8_5ViewController.h; sourceTree = "<group>"; };
		0DD5A1891B5BE3BF001436F9 /* Section8_5ViewController.m */ = {isa = PBXFileReference; fileEncoding = 4; lastKnownFileType = sourcecode.c.objc; name = Section8_5ViewController.m; path = YX/VC/Section8_5ViewController.m; sourceTree = "<group>"; };
		0DE0602A1B653DD800C09938 /* UIImage+ImageEffects.h */ = {isa = PBXFileReference; fileEncoding = 4; lastKnownFileType = sourcecode.c.h; name = "UIImage+ImageEffects.h"; path = "YX/Category/UIImage+ImageEffects.h"; sourceTree = "<group>"; };
		0DE0602B1B653DD800C09938 /* UIImage+ImageEffects.m */ = {isa = PBXFileReference; fileEncoding = 4; lastKnownFileType = sourcecode.c.objc; name = "UIImage+ImageEffects.m"; path = "YX/Category/UIImage+ImageEffects.m"; sourceTree = "<group>"; };
		0DE2D9E21B5A28560000AA31 /* YXNoMarginTableViewCell.h */ = {isa = PBXFileReference; fileEncoding = 4; lastKnownFileType = sourcecode.c.h; name = YXNoMarginTableViewCell.h; path = YX/View/YXNoMarginTableViewCell.h; sourceTree = "<group>"; };
		0DE2D9E31B5A28560000AA31 /* YXNoMarginTableViewCell.m */ = {isa = PBXFileReference; fileEncoding = 4; lastKnownFileType = sourcecode.c.objc; name = YXNoMarginTableViewCell.m; path = YX/View/YXNoMarginTableViewCell.m; sourceTree = "<group>"; };
		0DE2D9E61B5A31010000AA31 /* YXMutliTableViewController.h */ = {isa = PBXFileReference; fileEncoding = 4; lastKnownFileType = sourcecode.c.h; name = YXMutliTableViewController.h; path = YX/VC/YXMutliTableViewController.h; sourceTree = "<group>"; };
		0DE2D9E71B5A31010000AA31 /* YXMutliTableViewController.m */ = {isa = PBXFileReference; fileEncoding = 4; lastKnownFileType = sourcecode.c.objc; name = YXMutliTableViewController.m; path = YX/VC/YXMutliTableViewController.m; sourceTree = "<group>"; };
		0DE2D9E91B5A3D770000AA31 /* YXMultiSubTableViewController.h */ = {isa = PBXFileReference; fileEncoding = 4; lastKnownFileType = sourcecode.c.h; name = YXMultiSubTableViewController.h; path = YX/VC/YXMultiSubTableViewController.h; sourceTree = "<group>"; };
		0DE2D9EA1B5A3D770000AA31 /* YXMultiSubTableViewController.m */ = {isa = PBXFileReference; fileEncoding = 4; lastKnownFileType = sourcecode.c.objc; name = YXMultiSubTableViewController.m; path = YX/VC/YXMultiSubTableViewController.m; sourceTree = "<group>"; };
		0DF4B4441B65DBD70081B8D8 /* CustomVCStoryboard.storyboard */ = {isa = PBXFileReference; fileEncoding = 4; lastKnownFileType = file.storyboard; name = CustomVCStoryboard.storyboard; path = YX/VC/Storyboard/CustomVCStoryboard.storyboard; sourceTree = "<group>"; };
		0DF4B44D1B66131F0081B8D8 /* StoryboardCustom_iOS7_Chapter_ViewController.h */ = {isa = PBXFileReference; fileEncoding = 4; lastKnownFileType = sourcecode.c.h; name = StoryboardCustom_iOS7_Chapter_ViewController.h; path = YX/VC/Storyboard/StoryboardCustom_iOS7_Chapter_ViewController.h; sourceTree = "<group>"; };
		0DF4B44E1B66131F0081B8D8 /* StoryboardCustom_iOS7_Chapter_ViewController.m */ = {isa = PBXFileReference; fileEncoding = 4; lastKnownFileType = sourcecode.c.objc; name = StoryboardCustom_iOS7_Chapter_ViewController.m; path = YX/VC/Storyboard/StoryboardCustom_iOS7_Chapter_ViewController.m; sourceTree = "<group>"; };
		0DF4B4501B6614D20081B8D8 /* Storyboard_iOS7_Chapter4_ViewController.h */ = {isa = PBXFileReference; fileEncoding = 4; lastKnownFileType = sourcecode.c.h; name = Storyboard_iOS7_Chapter4_ViewController.h; path = YX/VC/Storyboard/Storyboard_iOS7_Chapter4_ViewController.h; sourceTree = "<group>"; };
		0DF4B4511B6614D20081B8D8 /* Storyboard_iOS7_Chapter4_ViewController.m */ = {isa = PBXFileReference; fileEncoding = 4; lastKnownFileType = sourcecode.c.objc; name = Storyboard_iOS7_Chapter4_ViewController.m; path = YX/VC/Storyboard/Storyboard_iOS7_Chapter4_ViewController.m; sourceTree = "<group>"; };
		0DF4B4531B6614DD0081B8D8 /* CustomSegue.h */ = {isa = PBXFileReference; fileEncoding = 4; lastKnownFileType = sourcecode.c.h; name = CustomSegue.h; path = YX/VC/Storyboard/Segue/CustomSegue.h; sourceTree = "<group>"; };
		0DF4B4541B6614DD0081B8D8 /* CustomSegue.m */ = {isa = PBXFileReference; fileEncoding = 4; lastKnownFileType = sourcecode.c.objc; name = CustomSegue.m; path = YX/VC/Storyboard/Segue/CustomSegue.m; sourceTree = "<group>"; };
		0DF4B4551B6614DD0081B8D8 /* CustomUnwindSegue.h */ = {isa = PBXFileReference; fileEncoding = 4; lastKnownFileType = sourcecode.c.h; name = CustomUnwindSegue.h; path = YX/VC/Storyboard/Segue/CustomUnwindSegue.h; sourceTree = "<group>"; };
		0DF4B4561B6614DD0081B8D8 /* CustomUnwindSegue.m */ = {isa = PBXFileReference; fileEncoding = 4; lastKnownFileType = sourcecode.c.objc; name = CustomUnwindSegue.m; path = YX/VC/Storyboard/Segue/CustomUnwindSegue.m; sourceTree = "<group>"; };
/* End PBXFileReference section */

/* Begin PBXFrameworksBuildPhase section */
		0D4389541B514288005DFCF7 /* Frameworks */ = {
			isa = PBXFrameworksBuildPhase;
			buildActionMask = 2147483647;
			files = (
			);
			runOnlyForDeploymentPostprocessing = 0;
		};
		0D43896D1B514288005DFCF7 /* Frameworks */ = {
			isa = PBXFrameworksBuildPhase;
			buildActionMask = 2147483647;
			files = (
			);
			runOnlyForDeploymentPostprocessing = 0;
		};
/* End PBXFrameworksBuildPhase section */

/* Begin PBXGroup section */
		0D0980BA1B5393AB00C0E27E /* Helpers */ = {
			isa = PBXGroup;
			children = (
				0DB0E1351B69FAE600289B0F /* RNTimer.h */,
				0DB0E1361B69FAE600289B0F /* RNTimer.m */,
				0DB0E12D1B69D80C00289B0F /* RNQueue.h */,
				0DB0E12E1B69D80C00289B0F /* RNQueue.m */,
				0D36C2881B563CF30073FC64 /* FunCMacros.h */,
				0D36C2891B563CF30073FC64 /* Macros.h */,
				0D36C2851B563CCF0073FC64 /* Constant.h */,
				0D36C2861B563CCF0073FC64 /* Constant.m */,
			);
			name = Helpers;
			sourceTree = "<group>";
		};
		0D0980BE1B53CB6900C0E27E /* ViewController */ = {
			isa = PBXGroup;
			children = (
				0DCC75D81B5CB512007E3CD0 /* 
NO.9 chapter
 */,
				0D5E4E481B52404100CB3A8C /* IndexViewController.h */,
				0D5E4E491B52404100CB3A8C /* IndexViewController.m */,
				0DF4B4431B65DB2B0081B8D8 /* iOS7_Chapter4 */,
				0D74537F1B67DA47006E1CF6 /* iOS7_Chapter5 */,
				0D8701B11B69039C00850F27 /* iOS7_Chapter14 */,
				0DA9440D1B6E731600FD2146 /* iOS7_Chapter19 */,
				0D85DAE81B6FCB70001DD18E /* iOS7_Chapter20 */,
				0DB0E11F1B69D29F00289B0F /* iOS7_Chapter23 */,
				0DCAEF8B1B58F86A00AC4425 /* Letter */,
				0D9A8E1D1B5B5E6800589B8C /* NO.8 chapter */,
				0D9448181B5E1C9C007FF694 /* NO.13 chapter */,
				0DB7C4581B5F351A00D19259 /* NO.14 chapter */,
				0DE2D9E51B5A30D80000AA31 /* TableVC */,
				0DCAEF8C1B58F8CA00AC4425 /* YXSuper */,
			);
			name = ViewController;
			sourceTree = "<group>";
		};
		0D0A83C11B578DCB0008F7AA /* VO */ = {
			isa = PBXGroup;
			children = (
			);
			name = VO;
			sourceTree = "<group>";
		};
		0D0A83C21B578DD30008F7AA /* PO */ = {
			isa = PBXGroup;
			children = (
			);
			name = PO;
			sourceTree = "<group>";
		};
		0D36C2821B563B680073FC64 /* Model */ = {
			isa = PBXGroup;
			children = (
				0D0A83C21B578DD30008F7AA /* PO */,
				0D0A83C11B578DCB0008F7AA /* VO */,
				0D0A83C31B578DFA0008F7AA /* YXTest.h */,
				0D0A83C41B578DFA0008F7AA /* YXTest.m */,
			);
			name = Model;
			sourceTree = "<group>";
		};
		0D36C2831B563B7B0073FC64 /* Manager */ = {
			isa = PBXGroup;
			children = (
			);
			name = Manager;
			sourceTree = "<group>";
		};
		0D36C2841B563B9C0073FC64 /* Category */ = {
			isa = PBXGroup;
			children = (
				0DE0602A1B653DD800C09938 /* UIImage+ImageEffects.h */,
				0DE0602B1B653DD800C09938 /* UIImage+ImageEffects.m */,
				0D96DDE11B64B18F0072D937 /* UIDevice+MKAdditions.h */,
				0D96DDE21B64B18F0072D937 /* UIDevice+MKAdditions.m */,
				0DCAEF991B5903A500AC4425 /* UITableViewCell+YXSetValues.h */,
				0DCAEF9A1B5903A500AC4425 /* UITableViewCell+YXSetValues.m */,
				0D6F0ABD1B5CD9EA004C9410 /* CALayer+YXAmimation.h */,
				0D6F0ABE1B5CD9EA004C9410 /* CALayer+YXAmimation.m */,
				0D7A8C691B686C4500FFA493 /* NSLayoutConstraint+YXCommon.h */,
				0D7A8C6A1B686C4500FFA493 /* NSLayoutConstraint+YXCommon.m */,
			);
			name = Category;
			sourceTree = "<group>";
		};
		0D43894E1B514288005DFCF7 = {
			isa = PBXGroup;
			children = (
				0D36C2841B563B9C0073FC64 /* Category */,
				0D0980BA1B5393AB00C0E27E /* Helpers */,
				0D36C2831B563B7B0073FC64 /* Manager */,
				0D36C2821B563B680073FC64 /* Model */,
				0DE2D9E01B5A272E0000AA31 /* Views */,
				0D0980BE1B53CB6900C0E27E /* ViewController */,
				0D4389591B514288005DFCF7 /* YX */,
				0D5E4E521B52583400CB3A8C /* Resoures */,
				0D5E4E4F1B52411C00CB3A8C /* FrameWorks */,
				0D4389731B514288005DFCF7 /* YXTests */,
				0D4389581B514288005DFCF7 /* Products */,
			);
			sourceTree = "<group>";
		};
		0D4389581B514288005DFCF7 /* Products */ = {
			isa = PBXGroup;
			children = (
				0D4389571B514288005DFCF7 /* YX.app */,
				0D4389701B514288005DFCF7 /* YXTests.xctest */,
			);
			name = Products;
			sourceTree = "<group>";
		};
		0D4389591B514288005DFCF7 /* YX */ = {
			isa = PBXGroup;
			children = (
				0D7BC2E81B61D5F700A9FDC0 /* Supporting Data */,
				0D43895E1B514288005DFCF7 /* AppDelegate.h */,
				0D43895F1B514288005DFCF7 /* AppDelegate.m */,
				0D4389671B514288005DFCF7 /* Images.xcassets */,
				0D43895A1B514288005DFCF7 /* Supporting Files */,
			);
			path = YX;
			sourceTree = "<group>";
		};
		0D43895A1B514288005DFCF7 /* Supporting Files */ = {
			isa = PBXGroup;
			children = (
				0D43895B1B514288005DFCF7 /* Info.plist */,
				0D43895C1B514288005DFCF7 /* main.m */,
			);
			name = "Supporting Files";
			sourceTree = "<group>";
		};
		0D4389731B514288005DFCF7 /* YXTests */ = {
			isa = PBXGroup;
			children = (
				0D4389741B514288005DFCF7 /* Supporting Files */,
				0D4389761B514288005DFCF7 /* YXTests.m */,
			);
			path = YXTests;
			sourceTree = "<group>";
		};
		0D4389741B514288005DFCF7 /* Supporting Files */ = {
			isa = PBXGroup;
			children = (
				0D4389751B514288005DFCF7 /* Info.plist */,
			);
			name = "Supporting Files";
			sourceTree = "<group>";
		};
		0D4548851B706488002E1C41 /* Delegate */ = {
			isa = PBXGroup;
			children = (
				0D4548891B706553002E1C41 /* YXVCTransitioningDelegate.h */,
				0D45488A1B706553002E1C41 /* YXVCTransitioningDelegate.m */,
				0D45488C1B708C75002E1C41 /* YXPresentVCAnimation.h */,
				0D45488D1B708C75002E1C41 /* YXPresentVCAnimation.m */,
				0D45488F1B708CD3002E1C41 /* YXDismissVCAnimation.h */,
				0D4548901B708CD3002E1C41 /* YXDismissVCAnimation.m */,
				0D7BD6401B70D6BF00524F3B /* YXPercentDrivenAnimation.h */,
				0D7BD6411B70D6BF00524F3B /* YXPercentDrivenAnimation.m */,
			);
			name = Delegate;
			sourceTree = "<group>";
		};
		0D4548921B709443002E1C41 /* VC */ = {
			isa = PBXGroup;
			children = (
				0D45487F1B704DEB002E1C41 /* Section20_Test_collectionViewController.h */,
				0D4548801B704DEB002E1C41 /* Section20_Test_collectionViewController.m */,
			);
			name = VC;
			sourceTree = "<group>";
		};
		0D5E4E4F1B52411C00CB3A8C /* FrameWorks */ = {
			isa = PBXGroup;
			children = (
			);
			name = FrameWorks;
			sourceTree = "<group>";
		};
		0D5E4E521B52583400CB3A8C /* Resoures */ = {
			isa = PBXGroup;
			children = (
				0D7A8C601B68675A00FFA493 /* Photos */,
				0DCC75E91B5CBDA3007E3CD0 /* Pushing@2x.png */,
				0D5E4E531B52583400CB3A8C /* Jessica */,
			);
			name = Resoures;
			path = YX/Resoures;
			sourceTree = "<group>";
		};
		0D5E4E531B52583400CB3A8C /* Jessica */ = {
			isa = PBXGroup;
			children = (
				0D5E4E5C1B52599A00CB3A8C /* j1@2x.jpeg */,
				0D5E4E5D1B52599A00CB3A8C /* j2@2x.jpeg */,
				0D5E4E5E1B52599A00CB3A8C /* j3@2x.jpeg */,
				0D5E4E5F1B52599A00CB3A8C /* j4@2x.jpeg */,
			);
			path = Jessica;
			sourceTree = "<group>";
		};
		0D6F0AC91B5D0416004C9410 /* CALayer */ = {
			isa = PBXGroup;
			children = (
				0D6F0ACA1B5D043D004C9410 /* CircleCALayer.h */,
				0D6F0ACB1B5D043D004C9410 /* CircleCALayer.m */,
			);
			name = CALayer;
			sourceTree = "<group>";
		};
		0D74537F1B67DA47006E1CF6 /* iOS7_Chapter5 */ = {
			isa = PBXGroup;
			children = (
				0D7A8C651B68688900FFA493 /* CollectionCell */,
				0D7453891B67E50F006E1CF6 /* CollectionLayout */,
				0D7453861B67E472006E1CF6 /* Section5_iOS7_1ViewController.h */,
				0D7453871B67E472006E1CF6 /* Section5_iOS7_1ViewController.m */,
				0D7A8C621B68679200FFA493 /* Section5_iOS7_2ViewController.h */,
				0D7A8C631B68679200FFA493 /* Section5_iOS7_2ViewController.m */,
				0D7453801B67DAC0006E1CF6 /* SectionListiOS7NO5ViewController.h */,
				0D7453811B67DAC0006E1CF6 /* SectionListiOS7NO5ViewController.m */,
			);
			name = iOS7_Chapter5;
			sourceTree = "<group>";
		};
		0D7453891B67E50F006E1CF6 /* CollectionLayout */ = {
			isa = PBXGroup;
			children = (
				0D74538A1B67E55B006E1CF6 /* YXMasonryViewLayout.h */,
				0D74538B1B67E55B006E1CF6 /* YXMasonryViewLayout.m */,
				0D7A8C5D1B68666500FFA493 /* YXCoverFlowLayout.h */,
				0D7A8C5E1B68666500FFA493 /* YXCoverFlowLayout.m */,
			);
			name = CollectionLayout;
			sourceTree = "<group>";
		};
		0D7A8C651B68688900FFA493 /* CollectionCell */ = {
			isa = PBXGroup;
			children = (
				0D7A8C661B6868C200FFA493 /* YXPhotoCollectionViewCell.h */,
				0D7A8C671B6868C200FFA493 /* YXPhotoCollectionViewCell.m */,
			);
			name = CollectionCell;
			sourceTree = "<group>";
		};
		0D7B97AE1B6F1999006820CB /* Views */ = {
			isa = PBXGroup;
			children = (
				0D7B97AF1B6F19BC006820CB /* YXDragView.h */,
				0D7B97B01B6F19BC006820CB /* YXDragView.m */,
			);
			name = Views;
			sourceTree = "<group>";
		};
		0D7B97B21B6F3A22006820CB /* Behaviors */ = {
			isa = PBXGroup;
			children = (
				0D7B97B31B6F3A61006820CB /* YXDefaultDynamicBehavior.h */,
				0D7B97B41B6F3A61006820CB /* YXDefaultDynamicBehavior.m */,
				0D7B97B61B6F52D5006820CB /* YXTearCopyBehavior.h */,
				0D7B97B71B6F52D5006820CB /* YXTearCopyBehavior.m */,
			);
			name = Behaviors;
			sourceTree = "<group>";
		};
		0D7B97C11B6F6B0F006820CB /* CollectionLayout */ = {
			isa = PBXGroup;
			children = (
				0D7B97C21B6F6B67006820CB /* YXCollectionViewDragLayout.h */,
				0D7B97C31B6F6B67006820CB /* YXCollectionViewDragLayout.m */,
			);
			name = CollectionLayout;
			sourceTree = "<group>";
		};
		0D7BC2E81B61D5F700A9FDC0 /* Supporting Data */ = {
			isa = PBXGroup;
			children = (
				0D7BC2E91B61D6A700A9FDC0 /* XMLData.xml */,
			);
			name = "Supporting Data";
			sourceTree = "<group>";
		};
		0D7BC2EB1B621E0900A9FDC0 /* Models */ = {
			isa = PBXGroup;
			children = (
				0D7BC2EC1B621E5B00A9FDC0 /* JSONModel.h */,
				0D7BC2ED1B621E5B00A9FDC0 /* JSONModel.m */,
				0D7BC2EE1B621E5B00A9FDC0 /* MenuItem.h */,
				0D7BC2EF1B621E5B00A9FDC0 /* MenuItem.m */,
				0D7BC2F21B621E5B00A9FDC0 /* Review.h */,
				0D7BC2F31B621E5B00A9FDC0 /* Review.m */,
			);
			name = Models;
			sourceTree = "<group>";
		};
		0D85DAE81B6FCB70001DD18E /* iOS7_Chapter20 */ = {
			isa = PBXGroup;
			children = (
				0D4548921B709443002E1C41 /* VC */,
				0D4548851B706488002E1C41 /* Delegate */,
				0D85DAE91B6FCBA9001DD18E /* SectionListiOS7NO20ViewController.h */,
				0D85DAEA1B6FCBA9001DD18E /* SectionListiOS7NO20ViewController.m */,
				0D45487B1B704C7C002E1C41 /* Section20_iOS7_1ViewController.h */,
				0D45487C1B704C7C002E1C41 /* Section20_iOS7_1ViewController.m */,
				0D4548821B70603C002E1C41 /* Section20_iOS7_2ViewController.h */,
				0D4548831B70603C002E1C41 /* Section20_iOS7_2ViewController.m */,
			);
			name = iOS7_Chapter20;
			sourceTree = "<group>";
		};
		0D8701B11B69039C00850F27 /* iOS7_Chapter14 */ = {
			isa = PBXGroup;
			children = (
				0D8701B21B6903D300850F27 /* SectionListiOS7NO14ViewController.h */,
				0D8701B31B6903D300850F27 /* SectionListiOS7NO14ViewController.m */,
			);
			name = iOS7_Chapter14;
			sourceTree = "<group>";
		};
		0D9448181B5E1C9C007FF694 /* NO.13 chapter */ = {
			isa = PBXGroup;
			children = (
				0D9448191B5E1CD6007FF694 /* SectionListNO13ViewController.h */,
				0D94481A1B5E1CD6007FF694 /* SectionListNO13ViewController.m */,
				0D94481C1B5E1D55007FF694 /* Section13_1ViewController.h */,
				0D94481D1B5E1D55007FF694 /* Section13_1ViewController.m */,
				0DC412D31B5E864D001274DC /* Section13_2ViewController.h */,
				0DC412D41B5E864D001274DC /* Section13_2ViewController.m */,
				0DB7C4601B5F3EF100D19259 /* Section13_3ViewController.h */,
				0DB7C4611B5F3EF100D19259 /* Section13_3ViewController.m */,
			);
			name = "NO.13 chapter";
			sourceTree = "<group>";
		};
		0D9A8E1D1B5B5E6800589B8C /* NO.8 chapter */ = {
			isa = PBXGroup;
			children = (
				0D9A8E221B5B86FC00589B8C /* Section8_1ViewController.h */,
				0D9A8E231B5B86FC00589B8C /* Section8_1ViewController.m */,
				0D9A8E251B5B8EA000589B8C /* Section8_2ViewController.h */,
				0D9A8E261B5B8EA000589B8C /* Section8_2ViewController.m */,
				0D9A8E281B5BB06B00589B8C /* Section8_3ViewController.h */,
				0D9A8E291B5BB06B00589B8C /* Section8_3ViewController.m */,
				0D9A8E2B1B5BBA4B00589B8C /* Section8_4ViewController.h */,
				0D9A8E2C1B5BBA4B00589B8C /* Section8_4ViewController.m */,
				0DD5A1881B5BE3BF001436F9 /* Section8_5ViewController.h */,
				0DD5A1891B5BE3BF001436F9 /* Section8_5ViewController.m */,
				0DCC75D51B5C9BC5007E3CD0 /* Section8_6ViewController.h */,
				0DCC75D61B5C9BC5007E3CD0 /* Section8_6ViewController.m */,
				0D9A8E1E1B5B5F1500589B8C /* SectionListNO8ViewController.h */,
				0D9A8E1F1B5B5F1500589B8C /* SectionListNO8ViewController.m */,
			);
			name = "NO.8 chapter";
			sourceTree = "<group>";
		};
		0DA9440D1B6E731600FD2146 /* iOS7_Chapter19 */ = {
			isa = PBXGroup;
			children = (
				0D7B97C11B6F6B0F006820CB /* CollectionLayout */,
				0D7B97B21B6F3A22006820CB /* Behaviors */,
				0D7B97AE1B6F1999006820CB /* Views */,
				0DA9440E1B6E737000FD2146 /* SectionListiOS7NO19ViewController.h */,
				0DA9440F1B6E737000FD2146 /* SectionListiOS7NO19ViewController.m */,
				0DA944111B6E748B00FD2146 /* Section19_iOS7_1ViewController.h */,
				0DA944121B6E748B00FD2146 /* Section19_iOS7_1ViewController.m */,
				0D7B97A51B6EF53A006820CB /* Section19_iOS7_2ViewController.h */,
				0D7B97A61B6EF53A006820CB /* Section19_iOS7_2ViewController.m */,
				0D7B97A81B6F04C8006820CB /* Section19_iOS7_3ViewController.h */,
				0D7B97A91B6F04C8006820CB /* Section19_iOS7_3ViewController.m */,
				0D7B97AB1B6F177A006820CB /* Section19_iOS7_4ViewController.h */,
				0D7B97AC1B6F177A006820CB /* Section19_iOS7_4ViewController.m */,
				0D7B97D71B6F8190006820CB /* Section19_iOS7_5ViewController.h */,
				0D7B97D81B6F8190006820CB /* Section19_iOS7_5ViewController.m */,
				0D7B97D91B6F8190006820CB /* Section19_iOS7_5ViewController.xib */,
			);
			name = iOS7_Chapter19;
			sourceTree = "<group>";
		};
		0DB0E11F1B69D29F00289B0F /* iOS7_Chapter23 */ = {
			isa = PBXGroup;
			children = (
				0DB0E1201B69D31600289B0F /* SectionListiOS7NO23ViewController.h */,
				0DB0E1211B69D31600289B0F /* SectionListiOS7NO23ViewController.m */,
				0DB0E1231B69D42100289B0F /* Section23_iOS7_1ViewController.h */,
				0DB0E1241B69D42100289B0F /* Section23_iOS7_1ViewController.m */,
				0DB0E1251B69D42100289B0F /* Section23_iOS7_1ViewController.xib */,
				0DB0E1301B69F84000289B0F /* Section23_iOS7_2ViewController.h */,
				0DB0E1311B69F84000289B0F /* Section23_iOS7_2ViewController.m */,
				0DB0E1321B69F84000289B0F /* Section23_iOS7_2ViewController.xib */,
				0DB0E1381B6A0CD100289B0F /* Section23_iOS7_3ViewController.h */,
				0DB0E1391B6A0CD100289B0F /* Section23_iOS7_3ViewController.m */,
			);
			name = iOS7_Chapter23;
			sourceTree = "<group>";
		};
		0DB7C4581B5F351A00D19259 /* NO.14 chapter */ = {
			isa = PBXGroup;
			children = (
				0D7BC2EB1B621E0900A9FDC0 /* Models */,
				0DB7C45A1B5F358200D19259 /* SectionListNO14ViewController.h */,
				0DB7C45B1B5F358200D19259 /* SectionListNO14ViewController.m */,
				0DB7C45D1B5F360000D19259 /* Section14_1ViewController.h */,
				0DB7C45E1B5F360000D19259 /* Section14_1ViewController.m */,
			);
			name = "NO.14 chapter";
			sourceTree = "<group>";
		};
		0DCAEF8B1B58F86A00AC4425 /* Letter */ = {
			isa = PBXGroup;
			children = (
				0DCAEF961B58FB0200AC4425 /* AViewController.h */,
				0DCAEF971B58FB0200AC4425 /* AViewController.m */,
			);
			name = Letter;
			sourceTree = "<group>";
		};
		0DCAEF8C1B58F8CA00AC4425 /* YXSuper */ = {
			isa = PBXGroup;
			children = (
				0DCAEF8D1B58F92900AC4425 /* YXViewController.h */,
				0DCAEF8E1B58F92900AC4425 /* YXViewController.m */,
				0DCAEF901B58F98300AC4425 /* YXNavigationController.h */,
				0DCAEF911B58F98300AC4425 /* YXNavigationController.m */,
				0DCAEF931B58F9FB00AC4425 /* YXTableViewController.h */,
				0DCAEF941B58F9FB00AC4425 /* YXTableViewController.m */,
				0D7453831B67E350006E1CF6 /* YXCollectionViewController.h */,
				0D7453841B67E350006E1CF6 /* YXCollectionViewController.m */,
			);
			name = YXSuper;
			sourceTree = "<group>";
		};
		0DCC75D81B5CB512007E3CD0 /* 
NO.9 chapter
 */ = {
			isa = PBXGroup;
			children = (
				0D6F0AC91B5D0416004C9410 /* CALayer */,
				0DCC75DF1B5CB60B007E3CD0 /* Views */,
				0DCC75DC1B5CB5C2007E3CD0 /* SectionListNO9ViewController.h */,
				0DCC75DD1B5CB5C2007E3CD0 /* SectionListNO9ViewController.m */,
				0DCC75D91B5CB5A4007E3CD0 /* Section9_1ViewController.h */,
				0DCC75DA1B5CB5A4007E3CD0 /* Section9_1ViewController.m */,
				0DCC75E61B5CBBDC007E3CD0 /* Section9_2ViewController.h */,
				0DCC75E71B5CBBDC007E3CD0 /* Section9_2ViewController.m */,
				0D6F0ABA1B5CD15C004C9410 /* Section9_3ViewController.h */,
				0D6F0ABB1B5CD15C004C9410 /* Section9_3ViewController.m */,
				0D6F0AC01B5CE060004C9410 /* Section9_4ViewController.h */,
				0D6F0AC11B5CE060004C9410 /* Section9_4ViewController.m */,
				0D6F0AC31B5CEF03004C9410 /* Section9_5ViewController.h */,
				0D6F0AC41B5CEF03004C9410 /* Section9_5ViewController.m */,
				0D6F0AC61B5D02FF004C9410 /* Section9_6ViewController.h */,
				0D6F0AC71B5D02FF004C9410 /* Section9_6ViewController.m */,
			);
			name = "\nNO.9 chapter\n";
			sourceTree = "<group>";
		};
		0DCC75DF1B5CB60B007E3CD0 /* Views */ = {
			isa = PBXGroup;
			children = (
				0DCC75E01B5CB76E007E3CD0 /* CircleView.h */,
				0DCC75E11B5CB76E007E3CD0 /* CircleView.m */,
				0DCC75E31B5CBAF5007E3CD0 /* DelegateView.h */,
				0DCC75E41B5CBAF5007E3CD0 /* DelegateView.m */,
			);
			name = Views;
			sourceTree = "<group>";
		};
		0DE2D9E01B5A272E0000AA31 /* Views */ = {
			isa = PBXGroup;
			children = (
				0DE2D9E11B5A273B0000AA31 /* Cell */,
			);
			name = Views;
			sourceTree = "<group>";
		};
		0DE2D9E11B5A273B0000AA31 /* Cell */ = {
			isa = PBXGroup;
			children = (
				0DE2D9E21B5A28560000AA31 /* YXNoMarginTableViewCell.h */,
				0DE2D9E31B5A28560000AA31 /* YXNoMarginTableViewCell.m */,
			);
			name = Cell;
			sourceTree = "<group>";
		};
		0DE2D9E51B5A30D80000AA31 /* TableVC */ = {
			isa = PBXGroup;
			children = (
				0DE2D9E61B5A31010000AA31 /* YXMutliTableViewController.h */,
				0DE2D9E71B5A31010000AA31 /* YXMutliTableViewController.m */,
				0DE2D9E91B5A3D770000AA31 /* YXMultiSubTableViewController.h */,
				0DE2D9EA1B5A3D770000AA31 /* YXMultiSubTableViewController.m */,
			);
			name = TableVC;
			sourceTree = "<group>";
		};
		0DF4B4431B65DB2B0081B8D8 /* iOS7_Chapter4 */ = {
			isa = PBXGroup;
			children = (
				0DF4B4441B65DBD70081B8D8 /* CustomVCStoryboard.storyboard */,
				0DF4B4491B660A450081B8D8 /* Segue */,
				0DF4B4501B6614D20081B8D8 /* Storyboard_iOS7_Chapter4_ViewController.h */,
				0DF4B4511B6614D20081B8D8 /* Storyboard_iOS7_Chapter4_ViewController.m */,
				0DF4B44D1B66131F0081B8D8 /* StoryboardCustom_iOS7_Chapter_ViewController.h */,
				0DF4B44E1B66131F0081B8D8 /* StoryboardCustom_iOS7_Chapter_ViewController.m */,
			);
			name = iOS7_Chapter4;
			sourceTree = "<group>";
		};
		0DF4B4491B660A450081B8D8 /* Segue */ = {
			isa = PBXGroup;
			children = (
				0DF4B4531B6614DD0081B8D8 /* CustomSegue.h */,
				0DF4B4541B6614DD0081B8D8 /* CustomSegue.m */,
				0DF4B4551B6614DD0081B8D8 /* CustomUnwindSegue.h */,
				0DF4B4561B6614DD0081B8D8 /* CustomUnwindSegue.m */,
			);
			name = Segue;
			sourceTree = "<group>";
		};
/* End PBXGroup section */

/* Begin PBXNativeTarget section */
		0D4389561B514288005DFCF7 /* YX */ = {
			isa = PBXNativeTarget;
			buildConfigurationList = 0D43897A1B514288005DFCF7 /* Build configuration list for PBXNativeTarget "YX" */;
			buildPhases = (
				0D4389531B514288005DFCF7 /* Sources */,
				0D4389541B514288005DFCF7 /* Frameworks */,
				0D4389551B514288005DFCF7 /* Resources */,
			);
			buildRules = (
			);
			dependencies = (
			);
			name = YX;
			productName = YX;
			productReference = 0D4389571B514288005DFCF7 /* YX.app */;
			productType = "com.apple.product-type.application";
		};
		0D43896F1B514288005DFCF7 /* YXTests */ = {
			isa = PBXNativeTarget;
			buildConfigurationList = 0D43897D1B514288005DFCF7 /* Build configuration list for PBXNativeTarget "YXTests" */;
			buildPhases = (
				0D43896C1B514288005DFCF7 /* Sources */,
				0D43896D1B514288005DFCF7 /* Frameworks */,
				0D43896E1B514288005DFCF7 /* Resources */,
			);
			buildRules = (
			);
			dependencies = (
				0D4389721B514288005DFCF7 /* PBXTargetDependency */,
			);
			name = YXTests;
			productName = YXTests;
			productReference = 0D4389701B514288005DFCF7 /* YXTests.xctest */;
			productType = "com.apple.product-type.bundle.unit-test";
		};
/* End PBXNativeTarget section */

/* Begin PBXProject section */
		0D43894F1B514288005DFCF7 /* Project object */ = {
			isa = PBXProject;
			attributes = {
				CLASSPREFIX = YX;
				LastUpgradeCheck = 0630;
				ORGANIZATIONNAME = "ShanghaiCize Trade And Business Co., Ltd.";
				TargetAttributes = {
					0D4389561B514288005DFCF7 = {
						CreatedOnToolsVersion = 6.3;
						DevelopmentTeam = 55CF6K56MT;
					};
					0D43896F1B514288005DFCF7 = {
						CreatedOnToolsVersion = 6.3;
						TestTargetID = 0D4389561B514288005DFCF7;
					};
				};
			};
			buildConfigurationList = 0D4389521B514288005DFCF7 /* Build configuration list for PBXProject "YX" */;
			compatibilityVersion = "Xcode 3.2";
			developmentRegion = English;
			hasScannedForEncodings = 0;
			knownRegions = (
				en,
				Base,
			);
			mainGroup = 0D43894E1B514288005DFCF7;
			productRefGroup = 0D4389581B514288005DFCF7 /* Products */;
			projectDirPath = "";
			projectRoot = "";
			targets = (
				0D4389561B514288005DFCF7 /* YX */,
				0D43896F1B514288005DFCF7 /* YXTests */,
			);
		};
/* End PBXProject section */

/* Begin PBXResourcesBuildPhase section */
		0D4389551B514288005DFCF7 /* Resources */ = {
			isa = PBXResourcesBuildPhase;
			buildActionMask = 2147483647;
			files = (
				0D5E4E631B52599A00CB3A8C /* j4@2x.jpeg in Resources */,
				0D7BC2EA1B61D6A700A9FDC0 /* XMLData.xml in Resources */,
				0D4389681B514288005DFCF7 /* Images.xcassets in Resources */,
				0DB0E1271B69D42100289B0F /* Section23_iOS7_1ViewController.xib in Resources */,
				0D5E4E601B52599A00CB3A8C /* j1@2x.jpeg in Resources */,
				0D5E4E611B52599A00CB3A8C /* j2@2x.jpeg in Resources */,
				0DF4B4451B65DBD70081B8D8 /* CustomVCStoryboard.storyboard in Resources */,
				0D7A8C611B68675A00FFA493 /* Photos in Resources */,
				0DCC75EA1B5CBDA3007E3CD0 /* Pushing@2x.png in Resources */,
				0D5E4E621B52599A00CB3A8C /* j3@2x.jpeg in Resources */,
				0D7B97DB1B6F8190006820CB /* Section19_iOS7_5ViewController.xib in Resources */,
				0DB0E1341B69F84000289B0F /* Section23_iOS7_2ViewController.xib in Resources */,
			);
			runOnlyForDeploymentPostprocessing = 0;
		};
		0D43896E1B514288005DFCF7 /* Resources */ = {
			isa = PBXResourcesBuildPhase;
			buildActionMask = 2147483647;
			files = (
			);
			runOnlyForDeploymentPostprocessing = 0;
		};
/* End PBXResourcesBuildPhase section */

/* Begin PBXSourcesBuildPhase section */
		0D4389531B514288005DFCF7 /* Sources */ = {
			isa = PBXSourcesBuildPhase;
			buildActionMask = 2147483647;
			files = (
				0DCC75DB1B5CB5A4007E3CD0 /* Section9_1ViewController.m in Sources */,
				0D4389601B514288005DFCF7 /* AppDelegate.m in Sources */,
				0DE0602C1B653DD800C09938 /* UIImage+ImageEffects.m in Sources */,
				0D6F0ACC1B5D043D004C9410 /* CircleCALayer.m in Sources */,
				0DCAEF921B58F98300AC4425 /* YXNavigationController.m in Sources */,
				0DB0E1371B69FAE600289B0F /* RNTimer.m in Sources */,
				0D8701B41B6903D300850F27 /* SectionListiOS7NO14ViewController.m in Sources */,
				0D9A8E271B5B8EA000589B8C /* Section8_2ViewController.m in Sources */,
				0D4548841B70603C002E1C41 /* Section20_iOS7_2ViewController.m in Sources */,
				0DB0E12F1B69D80C00289B0F /* RNQueue.m in Sources */,
				0D45488E1B708C75002E1C41 /* YXPresentVCAnimation.m in Sources */,
				0D7B97B11B6F19BC006820CB /* YXDragView.m in Sources */,
				0D7453821B67DAC0006E1CF6 /* SectionListiOS7NO5ViewController.m in Sources */,
				0DC412D51B5E864D001274DC /* Section13_2ViewController.m in Sources */,
				0DE2D9E41B5A28560000AA31 /* YXNoMarginTableViewCell.m in Sources */,
				0DB7C4621B5F3EF100D19259 /* Section13_3ViewController.m in Sources */,
				0DB0E1261B69D42100289B0F /* Section23_iOS7_1ViewController.m in Sources */,
				0D94481E1B5E1D55007FF694 /* Section13_1ViewController.m in Sources */,
				0D9A8E2D1B5BBA4B00589B8C /* Section8_4ViewController.m in Sources */,
				0DE2D9EB1B5A3D770000AA31 /* YXMultiSubTableViewController.m in Sources */,
				0D7BC2F41B621E5B00A9FDC0 /* JSONModel.m in Sources */,
				0DCC75D71B5C9BC5007E3CD0 /* Section8_6ViewController.m in Sources */,
				0D7B97B51B6F3A61006820CB /* YXDefaultDynamicBehavior.m in Sources */,
				0DCC75E81B5CBBDC007E3CD0 /* Section9_2ViewController.m in Sources */,
				0DB0E13A1B6A0CD100289B0F /* Section23_iOS7_3ViewController.m in Sources */,
				0DD5A18A1B5BE3BF001436F9 /* Section8_5ViewController.m in Sources */,
				0D7B97A71B6EF53A006820CB /* Section19_iOS7_2ViewController.m in Sources */,
				0D7A8C6B1B686C4500FFA493 /* NSLayoutConstraint+YXCommon.m in Sources */,
				0D94481B1B5E1CD6007FF694 /* SectionListNO13ViewController.m in Sources */,
				0DCC75DE1B5CB5C2007E3CD0 /* SectionListNO9ViewController.m in Sources */,
				0D74538C1B67E55B006E1CF6 /* YXMasonryViewLayout.m in Sources */,
				0DB7C45F1B5F360000D19259 /* Section14_1ViewController.m in Sources */,
				0D7A8C5F1B68666500FFA493 /* YXCoverFlowLayout.m in Sources */,
				0D45488B1B706553002E1C41 /* YXVCTransitioningDelegate.m in Sources */,
				0D7B97B81B6F52D5006820CB /* YXTearCopyBehavior.m in Sources */,
				0DCAEF951B58F9FB00AC4425 /* YXTableViewController.m in Sources */,
				0D6F0ABC1B5CD15C004C9410 /* Section9_3ViewController.m in Sources */,
				0D5E4E4B1B52404100CB3A8C /* IndexViewController.m in Sources */,
				0D7B97DA1B6F8190006820CB /* Section19_iOS7_5ViewController.m in Sources */,
				0D6F0ABF1B5CD9EA004C9410 /* CALayer+YXAmimation.m in Sources */,
				0D9A8E201B5B5F1500589B8C /* SectionListNO8ViewController.m in Sources */,
				0D36C2871B563CCF0073FC64 /* Constant.m in Sources */,
				0DCC75E21B5CB76E007E3CD0 /* CircleView.m in Sources */,
				0DF4B4521B6614D20081B8D8 /* Storyboard_iOS7_Chapter4_ViewController.m in Sources */,
				0DF4B4581B6614DD0081B8D8 /* CustomUnwindSegue.m in Sources */,
				0DCAEF8F1B58F92900AC4425 /* YXViewController.m in Sources */,
				0D9A8E2A1B5BB06B00589B8C /* Section8_3ViewController.m in Sources */,
				0D4548811B704DEB002E1C41 /* Section20_Test_collectionViewController.m in Sources */,
				0D9A8E241B5B86FC00589B8C /* Section8_1ViewController.m in Sources */,
				0D96DDE31B64B18F0072D937 /* UIDevice+MKAdditions.m in Sources */,
				0DCAEF981B58FB0200AC4425 /* AViewController.m in Sources */,
				0D6F0AC51B5CEF03004C9410 /* Section9_5ViewController.m in Sources */,
				0D7453851B67E350006E1CF6 /* YXCollectionViewController.m in Sources */,
				0D7A8C681B6868C200FFA493 /* YXPhotoCollectionViewCell.m in Sources */,
				0D7BC2F71B621E5B00A9FDC0 /* Review.m in Sources */,
				0D43895D1B514288005DFCF7 /* main.m in Sources */,
				0DB7C45C1B5F358200D19259 /* SectionListNO14ViewController.m in Sources */,
				0D7B97AA1B6F04C8006820CB /* Section19_iOS7_3ViewController.m in Sources */,
				0DA944131B6E748B00FD2146 /* Section19_iOS7_1ViewController.m in Sources */,
				0D7A8C641B68679200FFA493 /* Section5_iOS7_2ViewController.m in Sources */,
				0D7B97AD1B6F177A006820CB /* Section19_iOS7_4ViewController.m in Sources */,
				0DE2D9E81B5A31010000AA31 /* YXMutliTableViewController.m in Sources */,
				0D7BC2F51B621E5B00A9FDC0 /* MenuItem.m in Sources */,
				0DF4B44F1B66131F0081B8D8 /* StoryboardCustom_iOS7_Chapter_ViewController.m in Sources */,
				0D0A83C51B578DFA0008F7AA /* YXTest.m in Sources */,
				0D45487D1B704C7C002E1C41 /* Section20_iOS7_1ViewController.m in Sources */,
				0DA944101B6E737000FD2146 /* SectionListiOS7NO19ViewController.m in Sources */,
				0D4548911B708CD3002E1C41 /* YXDismissVCAnimation.m in Sources */,
				0D6F0AC21B5CE060004C9410 /* Section9_4ViewController.m in Sources */,
				0D85DAEB1B6FCBA9001DD18E /* SectionListiOS7NO20ViewController.m in Sources */,
				0DB0E1221B69D31600289B0F /* SectionListiOS7NO23ViewController.m in Sources */,
				0DCAEF9B1B5903A500AC4425 /* UITableViewCell+YXSetValues.m in Sources */,
				0D7BD6421B70D6BF00524F3B /* YXPercentDrivenAnimation.m in Sources */,
				0DB0E1331B69F84000289B0F /* Section23_iOS7_2ViewController.m in Sources */,
				0DCC75E51B5CBAF5007E3CD0 /* DelegateView.m in Sources */,
				0D7453881B67E472006E1CF6 /* Section5_iOS7_1ViewController.m in Sources */,
				0D6F0AC81B5D02FF004C9410 /* Section9_6ViewController.m in Sources */,
				0DF4B4571B6614DD0081B8D8 /* CustomSegue.m in Sources */,
				0D7B97C41B6F6B67006820CB /* YXCollectionViewDragLayout.m in Sources */,
			);
			runOnlyForDeploymentPostprocessing = 0;
		};
		0D43896C1B514288005DFCF7 /* Sources */ = {
			isa = PBXSourcesBuildPhase;
			buildActionMask = 2147483647;
			files = (
				0D4389771B514288005DFCF7 /* YXTests.m in Sources */,
			);
			runOnlyForDeploymentPostprocessing = 0;
		};
/* End PBXSourcesBuildPhase section */

/* Begin PBXTargetDependency section */
		0D4389721B514288005DFCF7 /* PBXTargetDependency */ = {
			isa = PBXTargetDependency;
			target = 0D4389561B514288005DFCF7 /* YX */;
			targetProxy = 0D4389711B514288005DFCF7 /* PBXContainerItemProxy */;
		};
/* End PBXTargetDependency section */

/* Begin XCBuildConfiguration section */
		0D4389781B514288005DFCF7 /* Debug */ = {
			isa = XCBuildConfiguration;
			buildSettings = {
				ALWAYS_SEARCH_USER_PATHS = NO;
				CLANG_CXX_LANGUAGE_STANDARD = "gnu++0x";
				CLANG_CXX_LIBRARY = "libc++";
				CLANG_ENABLE_MODULES = YES;
				CLANG_ENABLE_OBJC_ARC = YES;
				CLANG_WARN_BOOL_CONVERSION = YES;
				CLANG_WARN_CONSTANT_CONVERSION = YES;
				CLANG_WARN_DIRECT_OBJC_ISA_USAGE = YES_ERROR;
				CLANG_WARN_EMPTY_BODY = YES;
				CLANG_WARN_ENUM_CONVERSION = YES;
				CLANG_WARN_INT_CONVERSION = YES;
				CLANG_WARN_OBJC_ROOT_CLASS = YES_ERROR;
				CLANG_WARN_UNREACHABLE_CODE = YES;
				CLANG_WARN__DUPLICATE_METHOD_MATCH = YES;
				"CODE_SIGN_IDENTITY[sdk=iphoneos*]" = "iPhone Developer";
				COPY_PHASE_STRIP = NO;
				DEBUG_INFORMATION_FORMAT = "dwarf-with-dsym";
				ENABLE_STRICT_OBJC_MSGSEND = YES;
				GCC_C_LANGUAGE_STANDARD = gnu99;
				GCC_DYNAMIC_NO_PIC = NO;
				GCC_NO_COMMON_BLOCKS = YES;
				GCC_OPTIMIZATION_LEVEL = 0;
				GCC_PREPROCESSOR_DEFINITIONS = (
					"DEBUG=1",
					"$(inherited)",
				);
				GCC_SYMBOLS_PRIVATE_EXTERN = NO;
				GCC_WARN_64_TO_32_BIT_CONVERSION = YES;
				GCC_WARN_ABOUT_RETURN_TYPE = YES_ERROR;
				GCC_WARN_UNDECLARED_SELECTOR = YES;
				GCC_WARN_UNINITIALIZED_AUTOS = YES_AGGRESSIVE;
				GCC_WARN_UNUSED_FUNCTION = YES;
				GCC_WARN_UNUSED_VARIABLE = YES;
				IPHONEOS_DEPLOYMENT_TARGET = 8.3;
				MTL_ENABLE_DEBUG_INFO = YES;
				ONLY_ACTIVE_ARCH = YES;
				SDKROOT = iphoneos;
			};
			name = Debug;
		};
		0D4389791B514288005DFCF7 /* Release */ = {
			isa = XCBuildConfiguration;
			buildSettings = {
				ALWAYS_SEARCH_USER_PATHS = NO;
				CLANG_CXX_LANGUAGE_STANDARD = "gnu++0x";
				CLANG_CXX_LIBRARY = "libc++";
				CLANG_ENABLE_MODULES = YES;
				CLANG_ENABLE_OBJC_ARC = YES;
				CLANG_WARN_BOOL_CONVERSION = YES;
				CLANG_WARN_CONSTANT_CONVERSION = YES;
				CLANG_WARN_DIRECT_OBJC_ISA_USAGE = YES_ERROR;
				CLANG_WARN_EMPTY_BODY = YES;
				CLANG_WARN_ENUM_CONVERSION = YES;
				CLANG_WARN_INT_CONVERSION = YES;
				CLANG_WARN_OBJC_ROOT_CLASS = YES_ERROR;
				CLANG_WARN_UNREACHABLE_CODE = YES;
				CLANG_WARN__DUPLICATE_METHOD_MATCH = YES;
				"CODE_SIGN_IDENTITY[sdk=iphoneos*]" = "iPhone Developer";
				COPY_PHASE_STRIP = NO;
				DEBUG_INFORMATION_FORMAT = "dwarf-with-dsym";
				ENABLE_NS_ASSERTIONS = NO;
				ENABLE_STRICT_OBJC_MSGSEND = YES;
				GCC_C_LANGUAGE_STANDARD = gnu99;
				GCC_NO_COMMON_BLOCKS = YES;
				GCC_WARN_64_TO_32_BIT_CONVERSION = YES;
				GCC_WARN_ABOUT_RETURN_TYPE = YES_ERROR;
				GCC_WARN_UNDECLARED_SELECTOR = YES;
				GCC_WARN_UNINITIALIZED_AUTOS = YES_AGGRESSIVE;
				GCC_WARN_UNUSED_FUNCTION = YES;
				GCC_WARN_UNUSED_VARIABLE = YES;
				IPHONEOS_DEPLOYMENT_TARGET = 8.3;
				MTL_ENABLE_DEBUG_INFO = NO;
				SDKROOT = iphoneos;
				VALIDATE_PRODUCT = YES;
			};
			name = Release;
		};
		0D43897B1B514288005DFCF7 /* Debug */ = {
			isa = XCBuildConfiguration;
			buildSettings = {
				ASSETCATALOG_COMPILER_APPICON_NAME = AppIcon;
				ASSETCATALOG_COMPILER_LAUNCHIMAGE_NAME = LaunchImage;
				CODE_SIGN_IDENTITY = "iPhone Developer: / / (2BST69XL7Z)";
				DEBUG_INFORMATION_FORMAT = dwarf;
				INFOPLIST_FILE = YX/Info.plist;
				IPHONEOS_DEPLOYMENT_TARGET = 8.4;
				LD_RUNPATH_SEARCH_PATHS = "$(inherited) @executable_path/Frameworks";
				PRODUCT_NAME = "$(TARGET_NAME)";
				PROVISIONING_PROFILE = "be117d7d-f2d7-484d-96d8-af2e2c20a57c";
			};
			name = Debug;
		};
		0D43897C1B514288005DFCF7 /* Release */ = {
			isa = XCBuildConfiguration;
			buildSettings = {
				ASSETCATALOG_COMPILER_APPICON_NAME = AppIcon;
				ASSETCATALOG_COMPILER_LAUNCHIMAGE_NAME = LaunchImage;
				CODE_SIGN_IDENTITY = "iPhone Distribution: Shanghai Cize Trade And Business Co., Ltd. (55CF6K56MT)";
				INFOPLIST_FILE = YX/Info.plist;
				IPHONEOS_DEPLOYMENT_TARGET = 8.4;
				LD_RUNPATH_SEARCH_PATHS = "$(inherited) @executable_path/Frameworks";
				PRODUCT_NAME = "$(TARGET_NAME)";
				PROVISIONING_PROFILE = "d739b855-a00d-417a-9c7e-295166af30c3";
			};
			name = Release;
		};
		0D43897E1B514288005DFCF7 /* Debug */ = {
			isa = XCBuildConfiguration;
			buildSettings = {
				BUNDLE_LOADER = "$(TEST_HOST)";
				CODE_SIGN_IDENTITY = "iPhone Developer: / / (2BST69XL7Z)";
				"CODE_SIGN_IDENTITY[sdk=iphoneos*]" = "iPhone Developer: / / (2BST69XL7Z)";
				DEBUG_INFORMATION_FORMAT = "dwarf-with-dsym";
				FRAMEWORK_SEARCH_PATHS = (
					"$(SDKROOT)/Developer/Library/Frameworks",
					"$(inherited)",
				);
				GCC_PREPROCESSOR_DEFINITIONS = (
					"DEBUG=1",
					"$(inherited)",
				);
				INFOPLIST_FILE = YXTests/Info.plist;
				LD_RUNPATH_SEARCH_PATHS = "$(inherited) @executable_path/Frameworks @loader_path/Frameworks";
				PRODUCT_NAME = "$(TARGET_NAME)";
				PROVISIONING_PROFILE = "be117d7d-f2d7-484d-96d8-af2e2c20a57c";
				TEST_HOST = "$(BUILT_PRODUCTS_DIR)/YX.app/YX";
			};
			name = Debug;
		};
		0D43897F1B514288005DFCF7 /* Release */ = {
			isa = XCBuildConfiguration;
			buildSettings = {
				BUNDLE_LOADER = "$(TEST_HOST)";
				CODE_SIGN_IDENTITY = "iPhone Distribution: Shanghai Cize Trade And Business Co., Ltd. (55CF6K56MT)";
				FRAMEWORK_SEARCH_PATHS = (
					"$(SDKROOT)/Developer/Library/Frameworks",
					"$(inherited)",
				);
				INFOPLIST_FILE = YXTests/Info.plist;
				LD_RUNPATH_SEARCH_PATHS = "$(inherited) @executable_path/Frameworks @loader_path/Frameworks";
				PRODUCT_NAME = "$(TARGET_NAME)";
				PROVISIONING_PROFILE = "d739b855-a00d-417a-9c7e-295166af30c3";
				TEST_HOST = "$(BUILT_PRODUCTS_DIR)/YX.app/YX";
			};
			name = Release;
		};
/* End XCBuildConfiguration section */

/* Begin XCConfigurationList section */
		0D4389521B514288005DFCF7 /* Build configuration list for PBXProject "YX" */ = {
			isa = XCConfigurationList;
			buildConfigurations = (
				0D4389781B514288005DFCF7 /* Debug */,
				0D4389791B514288005DFCF7 /* Release */,
			);
			defaultConfigurationIsVisible = 0;
			defaultConfigurationName = Release;
		};
		0D43897A1B514288005DFCF7 /* Build configuration list for PBXNativeTarget "YX" */ = {
			isa = XCConfigurationList;
			buildConfigurations = (
				0D43897B1B514288005DFCF7 /* Debug */,
				0D43897C1B514288005DFCF7 /* Release */,
			);
			defaultConfigurationIsVisible = 0;
			defaultConfigurationName = Release;
		};
		0D43897D1B514288005DFCF7 /* Build configuration list for PBXNativeTarget "YXTests" */ = {
			isa = XCConfigurationList;
			buildConfigurations = (
				0D43897E1B514288005DFCF7 /* Debug */,
				0D43897F1B514288005DFCF7 /* Release */,
			);
			defaultConfigurationIsVisible = 0;
			defaultConfigurationName = Release;
		};
/* End XCConfigurationList section */
	};
	rootObject = 0D43894F1B514288005DFCF7 /* Project object */;
}
